// !$*UTF8*$!
{
	archiveVersion = 1;
	classes = {
	};
	objectVersion = 56;
	objects = {

/* Begin PBXBuildFile section */
		265840712A628B72009F2CC4 /* BaseViewController.swift in Sources */ = {isa = PBXBuildFile; fileRef = 265840702A628B72009F2CC4 /* BaseViewController.swift */; };
		265840742A629B55009F2CC4 /* SampleViewModel.swift in Sources */ = {isa = PBXBuildFile; fileRef = 265840732A629B55009F2CC4 /* SampleViewModel.swift */; };
		265840762A629B5C009F2CC4 /* SampleViewController.swift in Sources */ = {isa = PBXBuildFile; fileRef = 265840752A629B5C009F2CC4 /* SampleViewController.swift */; };
		26703D182A6160E5007E5717 /* WeatherAppTests.swift in Sources */ = {isa = PBXBuildFile; fileRef = 26703D172A6160E5007E5717 /* WeatherAppTests.swift */; };
		26703D222A6160E5007E5717 /* WeatherAppUITests.swift in Sources */ = {isa = PBXBuildFile; fileRef = 26703D212A6160E5007E5717 /* WeatherAppUITests.swift */; };
		26703D242A6160E5007E5717 /* WeatherAppUITestsLaunchTests.swift in Sources */ = {isa = PBXBuildFile; fileRef = 26703D232A6160E5007E5717 /* WeatherAppUITestsLaunchTests.swift */; };
		26703D452A6161DE007E5717 /* ViewControllerRepresentable.swift in Sources */ = {isa = PBXBuildFile; fileRef = 26703D372A6161DD007E5717 /* ViewControllerRepresentable.swift */; };
		26703D462A6161DE007E5717 /* MainViewController.swift in Sources */ = {isa = PBXBuildFile; fileRef = 26703D392A6161DD007E5717 /* MainViewController.swift */; };
		26703D472A6161DE007E5717 /* MainViewModel.swift in Sources */ = {isa = PBXBuildFile; fileRef = 26703D3A2A6161DD007E5717 /* MainViewModel.swift */; };
		26703D482A6161DE007E5717 /* AppCoordinator.swift in Sources */ = {isa = PBXBuildFile; fileRef = 26703D3C2A6161DD007E5717 /* AppCoordinator.swift */; };
		26703D492A6161DE007E5717 /* BaseViewModel.swift in Sources */ = {isa = PBXBuildFile; fileRef = 26703D3D2A6161DD007E5717 /* BaseViewModel.swift */; };
		26703D4A2A6161DE007E5717 /* AppDelegate.swift in Sources */ = {isa = PBXBuildFile; fileRef = 26703D3E2A6161DD007E5717 /* AppDelegate.swift */; };
		26703D4B2A6161DE007E5717 /* SceneDelegate.swift in Sources */ = {isa = PBXBuildFile; fileRef = 26703D3F2A6161DD007E5717 /* SceneDelegate.swift */; };
		267391C62A65094900F1DC2D /* Realm in Frameworks */ = {isa = PBXBuildFile; productRef = 267391C52A65094900F1DC2D /* Realm */; };
		267391C82A65094900F1DC2D /* RealmSwift in Frameworks */ = {isa = PBXBuildFile; productRef = 267391C72A65094900F1DC2D /* RealmSwift */; };
		267391CC2A650AFD00F1DC2D /* AnyRepository.swift in Sources */ = {isa = PBXBuildFile; fileRef = 267391CB2A650AFD00F1DC2D /* AnyRepository.swift */; };
		267391CE2A650B3400F1DC2D /* Repository.swift in Sources */ = {isa = PBXBuildFile; fileRef = 267391CD2A650B3400F1DC2D /* Repository.swift */; };
		267391D02A650E3E00F1DC2D /* Location.swift in Sources */ = {isa = PBXBuildFile; fileRef = 267391CF2A650E3E00F1DC2D /* Location.swift */; };
		267391D22A650E9400F1DC2D /* LocationStorage.swift in Sources */ = {isa = PBXBuildFile; fileRef = 267391D12A650E9400F1DC2D /* LocationStorage.swift */; };
		267391D42A65117600F1DC2D /* WeatherDIContainer.swift in Sources */ = {isa = PBXBuildFile; fileRef = 267391D32A65117600F1DC2D /* WeatherDIContainer.swift */; };
		267391D62A6521EC00F1DC2D /* Observable.swift in Sources */ = {isa = PBXBuildFile; fileRef = 267391D52A6521EC00F1DC2D /* Observable.swift */; };
/* End PBXBuildFile section */

/* Begin PBXContainerItemProxy section */
		26703D142A6160E5007E5717 /* PBXContainerItemProxy */ = {
			isa = PBXContainerItemProxy;
			containerPortal = 26703CF52A6160E4007E5717 /* Project object */;
			proxyType = 1;
			remoteGlobalIDString = 26703CFC2A6160E4007E5717;
			remoteInfo = WeatherApp;
		};
		26703D1E2A6160E5007E5717 /* PBXContainerItemProxy */ = {
			isa = PBXContainerItemProxy;
			containerPortal = 26703CF52A6160E4007E5717 /* Project object */;
			proxyType = 1;
			remoteGlobalIDString = 26703CFC2A6160E4007E5717;
			remoteInfo = WeatherApp;
		};
/* End PBXContainerItemProxy section */

/* Begin PBXFileReference section */
		265840702A628B72009F2CC4 /* BaseViewController.swift */ = {isa = PBXFileReference; lastKnownFileType = sourcecode.swift; path = BaseViewController.swift; sourceTree = "<group>"; };
		265840732A629B55009F2CC4 /* SampleViewModel.swift */ = {isa = PBXFileReference; lastKnownFileType = sourcecode.swift; path = SampleViewModel.swift; sourceTree = "<group>"; };
		265840752A629B5C009F2CC4 /* SampleViewController.swift */ = {isa = PBXFileReference; lastKnownFileType = sourcecode.swift; path = SampleViewController.swift; sourceTree = "<group>"; };
		26703CFD2A6160E4007E5717 /* WeatherApp.app */ = {isa = PBXFileReference; explicitFileType = wrapper.application; includeInIndex = 0; path = WeatherApp.app; sourceTree = BUILT_PRODUCTS_DIR; };
		26703D132A6160E5007E5717 /* WeatherAppTests.xctest */ = {isa = PBXFileReference; explicitFileType = wrapper.cfbundle; includeInIndex = 0; path = WeatherAppTests.xctest; sourceTree = BUILT_PRODUCTS_DIR; };
		26703D172A6160E5007E5717 /* WeatherAppTests.swift */ = {isa = PBXFileReference; lastKnownFileType = sourcecode.swift; path = WeatherAppTests.swift; sourceTree = "<group>"; };
		26703D1D2A6160E5007E5717 /* WeatherAppUITests.xctest */ = {isa = PBXFileReference; explicitFileType = wrapper.cfbundle; includeInIndex = 0; path = WeatherAppUITests.xctest; sourceTree = BUILT_PRODUCTS_DIR; };
		26703D212A6160E5007E5717 /* WeatherAppUITests.swift */ = {isa = PBXFileReference; lastKnownFileType = sourcecode.swift; path = WeatherAppUITests.swift; sourceTree = "<group>"; };
		26703D232A6160E5007E5717 /* WeatherAppUITestsLaunchTests.swift */ = {isa = PBXFileReference; lastKnownFileType = sourcecode.swift; path = WeatherAppUITestsLaunchTests.swift; sourceTree = "<group>"; };
		26703D312A6161DD007E5717 /* Assets.xcassets */ = {isa = PBXFileReference; lastKnownFileType = folder.assetcatalog; path = Assets.xcassets; sourceTree = "<group>"; };
		26703D332A6161DD007E5717 /* Base */ = {isa = PBXFileReference; lastKnownFileType = file.storyboard; name = Base; path = Base.lproj/LaunchScreen.storyboard; sourceTree = "<group>"; };
		26703D372A6161DD007E5717 /* ViewControllerRepresentable.swift */ = {isa = PBXFileReference; fileEncoding = 4; lastKnownFileType = sourcecode.swift; path = ViewControllerRepresentable.swift; sourceTree = "<group>"; };
		26703D392A6161DD007E5717 /* MainViewController.swift */ = {isa = PBXFileReference; fileEncoding = 4; lastKnownFileType = sourcecode.swift; path = MainViewController.swift; sourceTree = "<group>"; };
		26703D3A2A6161DD007E5717 /* MainViewModel.swift */ = {isa = PBXFileReference; fileEncoding = 4; lastKnownFileType = sourcecode.swift; path = MainViewModel.swift; sourceTree = "<group>"; };
		26703D3C2A6161DD007E5717 /* AppCoordinator.swift */ = {isa = PBXFileReference; fileEncoding = 4; lastKnownFileType = sourcecode.swift; path = AppCoordinator.swift; sourceTree = "<group>"; };
		26703D3D2A6161DD007E5717 /* BaseViewModel.swift */ = {isa = PBXFileReference; fileEncoding = 4; lastKnownFileType = sourcecode.swift; path = BaseViewModel.swift; sourceTree = "<group>"; };
		26703D3E2A6161DD007E5717 /* AppDelegate.swift */ = {isa = PBXFileReference; fileEncoding = 4; lastKnownFileType = sourcecode.swift; path = AppDelegate.swift; sourceTree = "<group>"; };
		26703D3F2A6161DD007E5717 /* SceneDelegate.swift */ = {isa = PBXFileReference; fileEncoding = 4; lastKnownFileType = sourcecode.swift; path = SceneDelegate.swift; sourceTree = "<group>"; };
		26703D502A6162D0007E5717 /* Info.plist */ = {isa = PBXFileReference; fileEncoding = 4; lastKnownFileType = text.plist.xml; path = Info.plist; sourceTree = "<group>"; };
		267391CB2A650AFD00F1DC2D /* AnyRepository.swift */ = {isa = PBXFileReference; lastKnownFileType = sourcecode.swift; path = AnyRepository.swift; sourceTree = "<group>"; };
		267391CD2A650B3400F1DC2D /* Repository.swift */ = {isa = PBXFileReference; lastKnownFileType = sourcecode.swift; path = Repository.swift; sourceTree = "<group>"; };
		267391CF2A650E3E00F1DC2D /* Location.swift */ = {isa = PBXFileReference; lastKnownFileType = sourcecode.swift; path = Location.swift; sourceTree = "<group>"; };
		267391D12A650E9400F1DC2D /* LocationStorage.swift */ = {isa = PBXFileReference; lastKnownFileType = sourcecode.swift; path = LocationStorage.swift; sourceTree = "<group>"; };
		267391D32A65117600F1DC2D /* WeatherDIContainer.swift */ = {isa = PBXFileReference; lastKnownFileType = sourcecode.swift; path = WeatherDIContainer.swift; sourceTree = "<group>"; };
		267391D52A6521EC00F1DC2D /* Observable.swift */ = {isa = PBXFileReference; lastKnownFileType = sourcecode.swift; path = Observable.swift; sourceTree = "<group>"; };
/* End PBXFileReference section */

/* Begin PBXFrameworksBuildPhase section */
		26703CFA2A6160E4007E5717 /* Frameworks */ = {
			isa = PBXFrameworksBuildPhase;
			buildActionMask = 2147483647;
			files = (
				267391C82A65094900F1DC2D /* RealmSwift in Frameworks */,
				267391C62A65094900F1DC2D /* Realm in Frameworks */,
			);
			runOnlyForDeploymentPostprocessing = 0;
		};
		26703D102A6160E5007E5717 /* Frameworks */ = {
			isa = PBXFrameworksBuildPhase;
			buildActionMask = 2147483647;
			files = (
			);
			runOnlyForDeploymentPostprocessing = 0;
		};
		26703D1A2A6160E5007E5717 /* Frameworks */ = {
			isa = PBXFrameworksBuildPhase;
			buildActionMask = 2147483647;
			files = (
			);
			runOnlyForDeploymentPostprocessing = 0;
		};
/* End PBXFrameworksBuildPhase section */

/* Begin PBXGroup section */
		265840722A629B48009F2CC4 /* Sample */ = {
			isa = PBXGroup;
			children = (
				265840732A629B55009F2CC4 /* SampleViewModel.swift */,
				265840752A629B5C009F2CC4 /* SampleViewController.swift */,
			);
			path = Sample;
			sourceTree = "<group>";
		};
		26703CF42A6160E4007E5717 = {
			isa = PBXGroup;
			children = (
				26703CFF2A6160E4007E5717 /* WeatherApp */,
				26703D162A6160E5007E5717 /* WeatherAppTests */,
				26703D202A6160E5007E5717 /* WeatherAppUITests */,
				26703CFE2A6160E4007E5717 /* Products */,
			);
			sourceTree = "<group>";
		};
		26703CFE2A6160E4007E5717 /* Products */ = {
			isa = PBXGroup;
			children = (
				26703CFD2A6160E4007E5717 /* WeatherApp.app */,
				26703D132A6160E5007E5717 /* WeatherAppTests.xctest */,
				26703D1D2A6160E5007E5717 /* WeatherAppUITests.xctest */,
			);
			name = Products;
			sourceTree = "<group>";
		};
		26703CFF2A6160E4007E5717 /* WeatherApp */ = {
			isa = PBXGroup;
			children = (
				26703D3B2A6161DD007E5717 /* Application */,
				26703D402A6161DE007E5717 /* Data */,
				26703D412A6161DE007E5717 /* Domain */,
				26703D352A6161DD007E5717 /* Presentation */,
				26703D302A6161DD007E5717 /* Resources */,
			);
			path = WeatherApp;
			sourceTree = "<group>";
		};
		26703D162A6160E5007E5717 /* WeatherAppTests */ = {
			isa = PBXGroup;
			children = (
				26703D172A6160E5007E5717 /* WeatherAppTests.swift */,
			);
			path = WeatherAppTests;
			sourceTree = "<group>";
		};
		26703D202A6160E5007E5717 /* WeatherAppUITests */ = {
			isa = PBXGroup;
			children = (
				26703D212A6160E5007E5717 /* WeatherAppUITests.swift */,
				26703D232A6160E5007E5717 /* WeatherAppUITestsLaunchTests.swift */,
			);
			path = WeatherAppUITests;
			sourceTree = "<group>";
		};
		26703D302A6161DD007E5717 /* Resources */ = {
			isa = PBXGroup;
			children = (
				26703D312A6161DD007E5717 /* Assets.xcassets */,
				26703D322A6161DD007E5717 /* LaunchScreen.storyboard */,
				26703D502A6162D0007E5717 /* Info.plist */,
			);
			path = Resources;
			sourceTree = "<group>";
		};
		26703D352A6161DD007E5717 /* Presentation */ = {
			isa = PBXGroup;
			children = (
				265840722A629B48009F2CC4 /* Sample */,
				26703D362A6161DD007E5717 /* Util */,
				26703D382A6161DD007E5717 /* Main */,
			);
			path = Presentation;
			sourceTree = "<group>";
		};
		26703D362A6161DD007E5717 /* Util */ = {
			isa = PBXGroup;
			children = (
				26703D372A6161DD007E5717 /* ViewControllerRepresentable.swift */,
				267391D52A6521EC00F1DC2D /* Observable.swift */,
			);
			path = Util;
			sourceTree = "<group>";
		};
		26703D382A6161DD007E5717 /* Main */ = {
			isa = PBXGroup;
			children = (
				26703D392A6161DD007E5717 /* MainViewController.swift */,
				26703D3A2A6161DD007E5717 /* MainViewModel.swift */,
			);
			path = Main;
			sourceTree = "<group>";
		};
		26703D3B2A6161DD007E5717 /* Application */ = {
			isa = PBXGroup;
			children = (
				26703D3C2A6161DD007E5717 /* AppCoordinator.swift */,
				26703D3D2A6161DD007E5717 /* BaseViewModel.swift */,
				26703D3E2A6161DD007E5717 /* AppDelegate.swift */,
				26703D3F2A6161DD007E5717 /* SceneDelegate.swift */,
				265840702A628B72009F2CC4 /* BaseViewController.swift */,
				267391D32A65117600F1DC2D /* WeatherDIContainer.swift */,
			);
			path = Application;
			sourceTree = "<group>";
		};
		26703D402A6161DE007E5717 /* Data */ = {
			isa = PBXGroup;
			children = (
				267391CA2A650AE500F1DC2D /* Persistence */,
				267391C92A650AD800F1DC2D /* Model */,
			);
			path = Data;
			sourceTree = "<group>";
		};
		26703D412A6161DE007E5717 /* Domain */ = {
			isa = PBXGroup;
			children = (
			);
			path = Domain;
			sourceTree = "<group>";
		};
		267391C92A650AD800F1DC2D /* Model */ = {
			isa = PBXGroup;
			children = (
				267391CF2A650E3E00F1DC2D /* Location.swift */,
			);
			path = Model;
			sourceTree = "<group>";
		};
		267391CA2A650AE500F1DC2D /* Persistence */ = {
			isa = PBXGroup;
			children = (
				267391CB2A650AFD00F1DC2D /* AnyRepository.swift */,
				267391CD2A650B3400F1DC2D /* Repository.swift */,
				267391D12A650E9400F1DC2D /* LocationStorage.swift */,
			);
			path = Persistence;
			sourceTree = "<group>";
		};
/* End PBXGroup section */

/* Begin PBXNativeTarget section */
		26703CFC2A6160E4007E5717 /* WeatherApp */ = {
			isa = PBXNativeTarget;
			buildConfigurationList = 26703D272A6160E5007E5717 /* Build configuration list for PBXNativeTarget "WeatherApp" */;
			buildPhases = (
				26703CF92A6160E4007E5717 /* Sources */,
				26703CFA2A6160E4007E5717 /* Frameworks */,
				26703CFB2A6160E4007E5717 /* Resources */,
			);
			buildRules = (
			);
			dependencies = (
			);
			name = WeatherApp;
			packageProductDependencies = (
				267391C52A65094900F1DC2D /* Realm */,
				267391C72A65094900F1DC2D /* RealmSwift */,
			);
			productName = WeatherApp;
			productReference = 26703CFD2A6160E4007E5717 /* WeatherApp.app */;
			productType = "com.apple.product-type.application";
		};
		26703D122A6160E5007E5717 /* WeatherAppTests */ = {
			isa = PBXNativeTarget;
			buildConfigurationList = 26703D2A2A6160E5007E5717 /* Build configuration list for PBXNativeTarget "WeatherAppTests" */;
			buildPhases = (
				26703D0F2A6160E5007E5717 /* Sources */,
				26703D102A6160E5007E5717 /* Frameworks */,
				26703D112A6160E5007E5717 /* Resources */,
			);
			buildRules = (
			);
			dependencies = (
				26703D152A6160E5007E5717 /* PBXTargetDependency */,
			);
			name = WeatherAppTests;
			productName = WeatherAppTests;
			productReference = 26703D132A6160E5007E5717 /* WeatherAppTests.xctest */;
			productType = "com.apple.product-type.bundle.unit-test";
		};
		26703D1C2A6160E5007E5717 /* WeatherAppUITests */ = {
			isa = PBXNativeTarget;
			buildConfigurationList = 26703D2D2A6160E5007E5717 /* Build configuration list for PBXNativeTarget "WeatherAppUITests" */;
			buildPhases = (
				26703D192A6160E5007E5717 /* Sources */,
				26703D1A2A6160E5007E5717 /* Frameworks */,
				26703D1B2A6160E5007E5717 /* Resources */,
			);
			buildRules = (
			);
			dependencies = (
				26703D1F2A6160E5007E5717 /* PBXTargetDependency */,
			);
			name = WeatherAppUITests;
			productName = WeatherAppUITests;
			productReference = 26703D1D2A6160E5007E5717 /* WeatherAppUITests.xctest */;
			productType = "com.apple.product-type.bundle.ui-testing";
		};
/* End PBXNativeTarget section */

/* Begin PBXProject section */
		26703CF52A6160E4007E5717 /* Project object */ = {
			isa = PBXProject;
			attributes = {
				BuildIndependentTargetsInParallel = 1;
				LastSwiftUpdateCheck = 1430;
				LastUpgradeCheck = 1430;
				TargetAttributes = {
					26703CFC2A6160E4007E5717 = {
						CreatedOnToolsVersion = 14.3;
					};
					26703D122A6160E5007E5717 = {
						CreatedOnToolsVersion = 14.3;
						TestTargetID = 26703CFC2A6160E4007E5717;
					};
					26703D1C2A6160E5007E5717 = {
						CreatedOnToolsVersion = 14.3;
						TestTargetID = 26703CFC2A6160E4007E5717;
					};
				};
			};
			buildConfigurationList = 26703CF82A6160E4007E5717 /* Build configuration list for PBXProject "WeatherApp" */;
			compatibilityVersion = "Xcode 14.0";
			developmentRegion = en;
			hasScannedForEncodings = 0;
			knownRegions = (
				en,
				Base,
			);
			mainGroup = 26703CF42A6160E4007E5717;
			packageReferences = (
				267391C42A65094900F1DC2D /* XCRemoteSwiftPackageReference "realm-swift" */,
			);
			productRefGroup = 26703CFE2A6160E4007E5717 /* Products */;
			projectDirPath = "";
			projectRoot = "";
			targets = (
				26703CFC2A6160E4007E5717 /* WeatherApp */,
				26703D122A6160E5007E5717 /* WeatherAppTests */,
				26703D1C2A6160E5007E5717 /* WeatherAppUITests */,
			);
		};
/* End PBXProject section */

/* Begin PBXResourcesBuildPhase section */
		26703CFB2A6160E4007E5717 /* Resources */ = {
			isa = PBXResourcesBuildPhase;
			buildActionMask = 2147483647;
			files = (
			);
			runOnlyForDeploymentPostprocessing = 0;
		};
		26703D112A6160E5007E5717 /* Resources */ = {
			isa = PBXResourcesBuildPhase;
			buildActionMask = 2147483647;
			files = (
			);
			runOnlyForDeploymentPostprocessing = 0;
		};
		26703D1B2A6160E5007E5717 /* Resources */ = {
			isa = PBXResourcesBuildPhase;
			buildActionMask = 2147483647;
			files = (
			);
			runOnlyForDeploymentPostprocessing = 0;
		};
/* End PBXResourcesBuildPhase section */

/* Begin PBXSourcesBuildPhase section */
		26703CF92A6160E4007E5717 /* Sources */ = {
			isa = PBXSourcesBuildPhase;
			buildActionMask = 2147483647;
			files = (
				267391D62A6521EC00F1DC2D /* Observable.swift in Sources */,
				265840762A629B5C009F2CC4 /* SampleViewController.swift in Sources */,
				26703D452A6161DE007E5717 /* ViewControllerRepresentable.swift in Sources */,
				26703D4A2A6161DE007E5717 /* AppDelegate.swift in Sources */,
				26703D4B2A6161DE007E5717 /* SceneDelegate.swift in Sources */,
				267391CC2A650AFD00F1DC2D /* AnyRepository.swift in Sources */,
				265840742A629B55009F2CC4 /* SampleViewModel.swift in Sources */,
				267391D02A650E3E00F1DC2D /* Location.swift in Sources */,
				26703D462A6161DE007E5717 /* MainViewController.swift in Sources */,
				26703D492A6161DE007E5717 /* BaseViewModel.swift in Sources */,
				265840712A628B72009F2CC4 /* BaseViewController.swift in Sources */,
				26703D472A6161DE007E5717 /* MainViewModel.swift in Sources */,
				26703D482A6161DE007E5717 /* AppCoordinator.swift in Sources */,
				267391D22A650E9400F1DC2D /* LocationStorage.swift in Sources */,
				267391CE2A650B3400F1DC2D /* Repository.swift in Sources */,
				267391D42A65117600F1DC2D /* WeatherDIContainer.swift in Sources */,
			);
			runOnlyForDeploymentPostprocessing = 0;
		};
		26703D0F2A6160E5007E5717 /* Sources */ = {
			isa = PBXSourcesBuildPhase;
			buildActionMask = 2147483647;
			files = (
				26703D182A6160E5007E5717 /* WeatherAppTests.swift in Sources */,
			);
			runOnlyForDeploymentPostprocessing = 0;
		};
		26703D192A6160E5007E5717 /* Sources */ = {
			isa = PBXSourcesBuildPhase;
			buildActionMask = 2147483647;
			files = (
				26703D222A6160E5007E5717 /* WeatherAppUITests.swift in Sources */,
				26703D242A6160E5007E5717 /* WeatherAppUITestsLaunchTests.swift in Sources */,
			);
			runOnlyForDeploymentPostprocessing = 0;
		};
/* End PBXSourcesBuildPhase section */

/* Begin PBXTargetDependency section */
		26703D152A6160E5007E5717 /* PBXTargetDependency */ = {
			isa = PBXTargetDependency;
			target = 26703CFC2A6160E4007E5717 /* WeatherApp */;
			targetProxy = 26703D142A6160E5007E5717 /* PBXContainerItemProxy */;
		};
		26703D1F2A6160E5007E5717 /* PBXTargetDependency */ = {
			isa = PBXTargetDependency;
			target = 26703CFC2A6160E4007E5717 /* WeatherApp */;
			targetProxy = 26703D1E2A6160E5007E5717 /* PBXContainerItemProxy */;
		};
/* End PBXTargetDependency section */

/* Begin PBXVariantGroup section */
		26703D322A6161DD007E5717 /* LaunchScreen.storyboard */ = {
			isa = PBXVariantGroup;
			children = (
				26703D332A6161DD007E5717 /* Base */,
			);
			name = LaunchScreen.storyboard;
			sourceTree = "<group>";
		};
/* End PBXVariantGroup section */

/* Begin XCBuildConfiguration section */
		26703D252A6160E5007E5717 /* Debug */ = {
			isa = XCBuildConfiguration;
			buildSettings = {
				ALWAYS_SEARCH_USER_PATHS = NO;
				CLANG_ANALYZER_NONNULL = YES;
				CLANG_ANALYZER_NUMBER_OBJECT_CONVERSION = YES_AGGRESSIVE;
				CLANG_CXX_LANGUAGE_STANDARD = "gnu++20";
				CLANG_ENABLE_MODULES = YES;
				CLANG_ENABLE_OBJC_ARC = YES;
				CLANG_ENABLE_OBJC_WEAK = YES;
				CLANG_WARN_BLOCK_CAPTURE_AUTORELEASING = YES;
				CLANG_WARN_BOOL_CONVERSION = YES;
				CLANG_WARN_COMMA = YES;
				CLANG_WARN_CONSTANT_CONVERSION = YES;
				CLANG_WARN_DEPRECATED_OBJC_IMPLEMENTATIONS = YES;
				CLANG_WARN_DIRECT_OBJC_ISA_USAGE = YES_ERROR;
				CLANG_WARN_DOCUMENTATION_COMMENTS = YES;
				CLANG_WARN_EMPTY_BODY = YES;
				CLANG_WARN_ENUM_CONVERSION = YES;
				CLANG_WARN_INFINITE_RECURSION = YES;
				CLANG_WARN_INT_CONVERSION = YES;
				CLANG_WARN_NON_LITERAL_NULL_CONVERSION = YES;
				CLANG_WARN_OBJC_IMPLICIT_RETAIN_SELF = YES;
				CLANG_WARN_OBJC_LITERAL_CONVERSION = YES;
				CLANG_WARN_OBJC_ROOT_CLASS = YES_ERROR;
				CLANG_WARN_QUOTED_INCLUDE_IN_FRAMEWORK_HEADER = YES;
				CLANG_WARN_RANGE_LOOP_ANALYSIS = YES;
				CLANG_WARN_STRICT_PROTOTYPES = YES;
				CLANG_WARN_SUSPICIOUS_MOVE = YES;
				CLANG_WARN_UNGUARDED_AVAILABILITY = YES_AGGRESSIVE;
				CLANG_WARN_UNREACHABLE_CODE = YES;
				CLANG_WARN__DUPLICATE_METHOD_MATCH = YES;
				COPY_PHASE_STRIP = NO;
				DEBUG_INFORMATION_FORMAT = dwarf;
				ENABLE_STRICT_OBJC_MSGSEND = YES;
				ENABLE_TESTABILITY = YES;
				GCC_C_LANGUAGE_STANDARD = gnu11;
				GCC_DYNAMIC_NO_PIC = NO;
				GCC_NO_COMMON_BLOCKS = YES;
				GCC_OPTIMIZATION_LEVEL = 0;
				GCC_PREPROCESSOR_DEFINITIONS = (
					"DEBUG=1",
					"$(inherited)",
				);
				GCC_WARN_64_TO_32_BIT_CONVERSION = YES;
				GCC_WARN_ABOUT_RETURN_TYPE = YES_ERROR;
				GCC_WARN_UNDECLARED_SELECTOR = YES;
				GCC_WARN_UNINITIALIZED_AUTOS = YES_AGGRESSIVE;
				GCC_WARN_UNUSED_FUNCTION = YES;
				GCC_WARN_UNUSED_VARIABLE = YES;
				IPHONEOS_DEPLOYMENT_TARGET = 14.0;
				MTL_ENABLE_DEBUG_INFO = INCLUDE_SOURCE;
				MTL_FAST_MATH = YES;
				ONLY_ACTIVE_ARCH = YES;
				SDKROOT = iphoneos;
				SWIFT_ACTIVE_COMPILATION_CONDITIONS = DEBUG;
				SWIFT_OPTIMIZATION_LEVEL = "-Onone";
			};
			name = Debug;
		};
		26703D262A6160E5007E5717 /* Release */ = {
			isa = XCBuildConfiguration;
			buildSettings = {
				ALWAYS_SEARCH_USER_PATHS = NO;
				CLANG_ANALYZER_NONNULL = YES;
				CLANG_ANALYZER_NUMBER_OBJECT_CONVERSION = YES_AGGRESSIVE;
				CLANG_CXX_LANGUAGE_STANDARD = "gnu++20";
				CLANG_ENABLE_MODULES = YES;
				CLANG_ENABLE_OBJC_ARC = YES;
				CLANG_ENABLE_OBJC_WEAK = YES;
				CLANG_WARN_BLOCK_CAPTURE_AUTORELEASING = YES;
				CLANG_WARN_BOOL_CONVERSION = YES;
				CLANG_WARN_COMMA = YES;
				CLANG_WARN_CONSTANT_CONVERSION = YES;
				CLANG_WARN_DEPRECATED_OBJC_IMPLEMENTATIONS = YES;
				CLANG_WARN_DIRECT_OBJC_ISA_USAGE = YES_ERROR;
				CLANG_WARN_DOCUMENTATION_COMMENTS = YES;
				CLANG_WARN_EMPTY_BODY = YES;
				CLANG_WARN_ENUM_CONVERSION = YES;
				CLANG_WARN_INFINITE_RECURSION = YES;
				CLANG_WARN_INT_CONVERSION = YES;
				CLANG_WARN_NON_LITERAL_NULL_CONVERSION = YES;
				CLANG_WARN_OBJC_IMPLICIT_RETAIN_SELF = YES;
				CLANG_WARN_OBJC_LITERAL_CONVERSION = YES;
				CLANG_WARN_OBJC_ROOT_CLASS = YES_ERROR;
				CLANG_WARN_QUOTED_INCLUDE_IN_FRAMEWORK_HEADER = YES;
				CLANG_WARN_RANGE_LOOP_ANALYSIS = YES;
				CLANG_WARN_STRICT_PROTOTYPES = YES;
				CLANG_WARN_SUSPICIOUS_MOVE = YES;
				CLANG_WARN_UNGUARDED_AVAILABILITY = YES_AGGRESSIVE;
				CLANG_WARN_UNREACHABLE_CODE = YES;
				CLANG_WARN__DUPLICATE_METHOD_MATCH = YES;
				COPY_PHASE_STRIP = NO;
				DEBUG_INFORMATION_FORMAT = "dwarf-with-dsym";
				ENABLE_NS_ASSERTIONS = NO;
				ENABLE_STRICT_OBJC_MSGSEND = YES;
				GCC_C_LANGUAGE_STANDARD = gnu11;
				GCC_NO_COMMON_BLOCKS = YES;
				GCC_WARN_64_TO_32_BIT_CONVERSION = YES;
				GCC_WARN_ABOUT_RETURN_TYPE = YES_ERROR;
				GCC_WARN_UNDECLARED_SELECTOR = YES;
				GCC_WARN_UNINITIALIZED_AUTOS = YES_AGGRESSIVE;
				GCC_WARN_UNUSED_FUNCTION = YES;
				GCC_WARN_UNUSED_VARIABLE = YES;
				IPHONEOS_DEPLOYMENT_TARGET = 14.0;
				MTL_ENABLE_DEBUG_INFO = NO;
				MTL_FAST_MATH = YES;
				SDKROOT = iphoneos;
				SWIFT_COMPILATION_MODE = wholemodule;
				SWIFT_OPTIMIZATION_LEVEL = "-O";
				VALIDATE_PRODUCT = YES;
			};
			name = Release;
		};
		26703D282A6160E5007E5717 /* Debug */ = {
			isa = XCBuildConfiguration;
			buildSettings = {
				ASSETCATALOG_COMPILER_APPICON_NAME = AppIcon;
				ASSETCATALOG_COMPILER_GLOBAL_ACCENT_COLOR_NAME = AccentColor;
				CODE_SIGN_STYLE = Automatic;
				CURRENT_PROJECT_VERSION = 1;
				DEVELOPMENT_TEAM = 3RZRY2TK85;
				GENERATE_INFOPLIST_FILE = YES;
				INFOPLIST_FILE = WeatherApp/Resources/Info.plist;
				INFOPLIST_KEY_UIApplicationSupportsIndirectInputEvents = YES;
				INFOPLIST_KEY_UILaunchStoryboardName = LaunchScreen;
				INFOPLIST_KEY_UIMainStoryboardFile = "";
				INFOPLIST_KEY_UISupportedInterfaceOrientations_iPad = "UIInterfaceOrientationPortrait UIInterfaceOrientationPortraitUpsideDown UIInterfaceOrientationLandscapeLeft UIInterfaceOrientationLandscapeRight";
				INFOPLIST_KEY_UISupportedInterfaceOrientations_iPhone = "UIInterfaceOrientationPortrait UIInterfaceOrientationLandscapeLeft UIInterfaceOrientationLandscapeRight";
				IPHONEOS_DEPLOYMENT_TARGET = 14.0;
				LD_RUNPATH_SEARCH_PATHS = (
					"$(inherited)",
					"@executable_path/Frameworks",
				);
				MARKETING_VERSION = 1.0;
				PRODUCT_BUNDLE_IDENTIFIER = com.sandy.WeatherApp;
				PRODUCT_NAME = "$(TARGET_NAME)";
				SWIFT_EMIT_LOC_STRINGS = YES;
				SWIFT_VERSION = 5.0;
				TARGETED_DEVICE_FAMILY = "1,2";
			};
			name = Debug;
		};
		26703D292A6160E5007E5717 /* Release */ = {
			isa = XCBuildConfiguration;
			buildSettings = {
				ASSETCATALOG_COMPILER_APPICON_NAME = AppIcon;
				ASSETCATALOG_COMPILER_GLOBAL_ACCENT_COLOR_NAME = AccentColor;
				CODE_SIGN_STYLE = Automatic;
				CURRENT_PROJECT_VERSION = 1;
				DEVELOPMENT_TEAM = 3RZRY2TK85;
				GENERATE_INFOPLIST_FILE = YES;
				INFOPLIST_FILE = WeatherApp/Resources/Info.plist;
				INFOPLIST_KEY_UIApplicationSupportsIndirectInputEvents = YES;
				INFOPLIST_KEY_UILaunchStoryboardName = LaunchScreen;
				INFOPLIST_KEY_UIMainStoryboardFile = "";
				INFOPLIST_KEY_UISupportedInterfaceOrientations_iPad = "UIInterfaceOrientationPortrait UIInterfaceOrientationPortraitUpsideDown UIInterfaceOrientationLandscapeLeft UIInterfaceOrientationLandscapeRight";
				INFOPLIST_KEY_UISupportedInterfaceOrientations_iPhone = "UIInterfaceOrientationPortrait UIInterfaceOrientationLandscapeLeft UIInterfaceOrientationLandscapeRight";
				IPHONEOS_DEPLOYMENT_TARGET = 14.0;
				LD_RUNPATH_SEARCH_PATHS = (
					"$(inherited)",
					"@executable_path/Frameworks",
				);
				MARKETING_VERSION = 1.0;
				PRODUCT_BUNDLE_IDENTIFIER = com.sandy.WeatherApp;
				PRODUCT_NAME = "$(TARGET_NAME)";
				SWIFT_EMIT_LOC_STRINGS = YES;
				SWIFT_VERSION = 5.0;
				TARGETED_DEVICE_FAMILY = "1,2";
			};
			name = Release;
		};
		26703D2B2A6160E5007E5717 /* Debug */ = {
			isa = XCBuildConfiguration;
			buildSettings = {
				ALWAYS_EMBED_SWIFT_STANDARD_LIBRARIES = YES;
				BUNDLE_LOADER = "$(TEST_HOST)";
				CODE_SIGN_STYLE = Automatic;
				CURRENT_PROJECT_VERSION = 1;
				DEVELOPMENT_TEAM = 3RZRY2TK85;
				GENERATE_INFOPLIST_FILE = YES;
				IPHONEOS_DEPLOYMENT_TARGET = 16.4;
				MARKETING_VERSION = 1.0;
				PRODUCT_BUNDLE_IDENTIFIER = com.sandy.WeatherAppTests;
				PRODUCT_NAME = "$(TARGET_NAME)";
				SWIFT_EMIT_LOC_STRINGS = NO;
				SWIFT_VERSION = 5.0;
				TARGETED_DEVICE_FAMILY = "1,2";
				TEST_HOST = "$(BUILT_PRODUCTS_DIR)/WeatherApp.app/$(BUNDLE_EXECUTABLE_FOLDER_PATH)/WeatherApp";
			};
			name = Debug;
		};
		26703D2C2A6160E5007E5717 /* Release */ = {
			isa = XCBuildConfiguration;
			buildSettings = {
				ALWAYS_EMBED_SWIFT_STANDARD_LIBRARIES = YES;
				BUNDLE_LOADER = "$(TEST_HOST)";
				CODE_SIGN_STYLE = Automatic;
				CURRENT_PROJECT_VERSION = 1;
				DEVELOPMENT_TEAM = 3RZRY2TK85;
				GENERATE_INFOPLIST_FILE = YES;
				IPHONEOS_DEPLOYMENT_TARGET = 16.4;
				MARKETING_VERSION = 1.0;
				PRODUCT_BUNDLE_IDENTIFIER = com.sandy.WeatherAppTests;
				PRODUCT_NAME = "$(TARGET_NAME)";
				SWIFT_EMIT_LOC_STRINGS = NO;
				SWIFT_VERSION = 5.0;
				TARGETED_DEVICE_FAMILY = "1,2";
				TEST_HOST = "$(BUILT_PRODUCTS_DIR)/WeatherApp.app/$(BUNDLE_EXECUTABLE_FOLDER_PATH)/WeatherApp";
			};
			name = Release;
		};
		26703D2E2A6160E5007E5717 /* Debug */ = {
			isa = XCBuildConfiguration;
			buildSettings = {
				ALWAYS_EMBED_SWIFT_STANDARD_LIBRARIES = YES;
				CODE_SIGN_STYLE = Automatic;
				CURRENT_PROJECT_VERSION = 1;
				DEVELOPMENT_TEAM = 3RZRY2TK85;
				GENERATE_INFOPLIST_FILE = YES;
				MARKETING_VERSION = 1.0;
				PRODUCT_BUNDLE_IDENTIFIER = com.sandy.WeatherAppUITests;
				PRODUCT_NAME = "$(TARGET_NAME)";
				SWIFT_EMIT_LOC_STRINGS = NO;
				SWIFT_VERSION = 5.0;
				TARGETED_DEVICE_FAMILY = "1,2";
				TEST_TARGET_NAME = WeatherApp;
			};
			name = Debug;
		};
		26703D2F2A6160E5007E5717 /* Release */ = {
			isa = XCBuildConfiguration;
			buildSettings = {
				ALWAYS_EMBED_SWIFT_STANDARD_LIBRARIES = YES;
				CODE_SIGN_STYLE = Automatic;
				CURRENT_PROJECT_VERSION = 1;
				DEVELOPMENT_TEAM = 3RZRY2TK85;
				GENERATE_INFOPLIST_FILE = YES;
				MARKETING_VERSION = 1.0;
				PRODUCT_BUNDLE_IDENTIFIER = com.sandy.WeatherAppUITests;
				PRODUCT_NAME = "$(TARGET_NAME)";
				SWIFT_EMIT_LOC_STRINGS = NO;
				SWIFT_VERSION = 5.0;
				TARGETED_DEVICE_FAMILY = "1,2";
				TEST_TARGET_NAME = WeatherApp;
			};
			name = Release;
		};
/* End XCBuildConfiguration section */

/* Begin XCConfigurationList section */
		26703CF82A6160E4007E5717 /* Build configuration list for PBXProject "WeatherApp" */ = {
			isa = XCConfigurationList;
			buildConfigurations = (
				26703D252A6160E5007E5717 /* Debug */,
				26703D262A6160E5007E5717 /* Release */,
			);
			defaultConfigurationIsVisible = 0;
			defaultConfigurationName = Release;
		};
		26703D272A6160E5007E5717 /* Build configuration list for PBXNativeTarget "WeatherApp" */ = {
			isa = XCConfigurationList;
			buildConfigurations = (
				26703D282A6160E5007E5717 /* Debug */,
				26703D292A6160E5007E5717 /* Release */,
			);
			defaultConfigurationIsVisible = 0;
			defaultConfigurationName = Release;
		};
		26703D2A2A6160E5007E5717 /* Build configuration list for PBXNativeTarget "WeatherAppTests" */ = {
			isa = XCConfigurationList;
			buildConfigurations = (
				26703D2B2A6160E5007E5717 /* Debug */,
				26703D2C2A6160E5007E5717 /* Release */,
			);
			defaultConfigurationIsVisible = 0;
			defaultConfigurationName = Release;
		};
		26703D2D2A6160E5007E5717 /* Build configuration list for PBXNativeTarget "WeatherAppUITests" */ = {
			isa = XCConfigurationList;
			buildConfigurations = (
				26703D2E2A6160E5007E5717 /* Debug */,
				26703D2F2A6160E5007E5717 /* Release */,
			);
			defaultConfigurationIsVisible = 0;
			defaultConfigurationName = Release;
		};
/* End XCConfigurationList section */

/* Begin XCRemoteSwiftPackageReference section */
		267391C42A65094900F1DC2D /* XCRemoteSwiftPackageReference "realm-swift" */ = {
			isa = XCRemoteSwiftPackageReference;
			repositoryURL = "https://github.com/realm/realm-swift.git";
			requirement = {
				branch = master;
				kind = branch;
			};
		};
/* End XCRemoteSwiftPackageReference section */

/* Begin XCSwiftPackageProductDependency section */
		267391C52A65094900F1DC2D /* Realm */ = {
			isa = XCSwiftPackageProductDependency;
			package = 267391C42A65094900F1DC2D /* XCRemoteSwiftPackageReference "realm-swift" */;
			productName = Realm;
		};
		267391C72A65094900F1DC2D /* RealmSwift */ = {
			isa = XCSwiftPackageProductDependency;
			package = 267391C42A65094900F1DC2D /* XCRemoteSwiftPackageReference "realm-swift" */;
			productName = RealmSwift;
		};
/* End XCSwiftPackageProductDependency section */
	};
	rootObject = 26703CF52A6160E4007E5717 /* Project object */;
}
