// !$*UTF8*$!
{
	archiveVersion = 1;
	classes = {
	};
	objectVersion = 56;
	objects = {

/* Begin PBXBuildFile section */
		261677C72A84C0A20038DE5D /* PinLayout in Frameworks */ = {isa = PBXBuildFile; productRef = 261677C62A84C0A20038DE5D /* PinLayout */; };
		261677D72A84C4D00038DE5D /* FlexLayout in Frameworks */ = {isa = PBXBuildFile; productRef = 261677D62A84C4D00038DE5D /* FlexLayout */; };
		261677D92A84C4D00038DE5D /* FlexLayoutYoga in Frameworks */ = {isa = PBXBuildFile; productRef = 261677D82A84C4D00038DE5D /* FlexLayoutYoga */; };
		261677DB2A84C4D00038DE5D /* FlexLayoutYogaKit in Frameworks */ = {isa = PBXBuildFile; productRef = 261677DA2A84C4D00038DE5D /* FlexLayoutYogaKit */; };
		2617AF442A74A4100089118A /* NavigationController.swift in Sources */ = {isa = PBXBuildFile; fileRef = 2617AF432A74A4100089118A /* NavigationController.swift */; };
		2638F7A32A932F500017EED8 /* WeatherItemV2.swift in Sources */ = {isa = PBXBuildFile; fileRef = 2638F7A22A932F500017EED8 /* WeatherItemV2.swift */; };
		2638F7A52A932F7E0017EED8 /* WeatherServiceV2.swift in Sources */ = {isa = PBXBuildFile; fileRef = 2638F7A42A932F7E0017EED8 /* WeatherServiceV2.swift */; };
		2638F7A72A932FD60017EED8 /* WeatherDataV2.swift in Sources */ = {isa = PBXBuildFile; fileRef = 2638F7A62A932FD60017EED8 /* WeatherDataV2.swift */; };
		265840712A628B72009F2CC4 /* BaseViewController.swift in Sources */ = {isa = PBXBuildFile; fileRef = 265840702A628B72009F2CC4 /* BaseViewController.swift */; };
		265840742A629B55009F2CC4 /* SampleViewModel.swift in Sources */ = {isa = PBXBuildFile; fileRef = 265840732A629B55009F2CC4 /* SampleViewModel.swift */; };
		265840762A629B5C009F2CC4 /* SampleViewController.swift in Sources */ = {isa = PBXBuildFile; fileRef = 265840752A629B5C009F2CC4 /* SampleViewController.swift */; };
		265BF3092A7D37C80087ADDA /* SplashViewController.swift in Sources */ = {isa = PBXBuildFile; fileRef = 265BF3082A7D37C80087ADDA /* SplashViewController.swift */; };
		265BF30B2A7D37D00087ADDA /* SplashViewModel.swift in Sources */ = {isa = PBXBuildFile; fileRef = 265BF30A2A7D37D00087ADDA /* SplashViewModel.swift */; };
		265BF30E2A7D37E10087ADDA /* BlueprintViewController.swift in Sources */ = {isa = PBXBuildFile; fileRef = 265BF30D2A7D37E10087ADDA /* BlueprintViewController.swift */; };
		265BF3102A7D37EA0087ADDA /* BlueprintViewModel.swift in Sources */ = {isa = PBXBuildFile; fileRef = 265BF30F2A7D37EA0087ADDA /* BlueprintViewModel.swift */; };
		265BF3122A7D38CD0087ADDA /* Defaults.swift in Sources */ = {isa = PBXBuildFile; fileRef = 265BF3112A7D38CD0087ADDA /* Defaults.swift */; };
		265BF3142A7D3BB60087ADDA /* splash.json in Resources */ = {isa = PBXBuildFile; fileRef = 265BF3132A7D3BB60087ADDA /* splash.json */; };
		265C2DBC2A71ED9300028A01 /* SnapKit in Frameworks */ = {isa = PBXBuildFile; productRef = 265C2DBB2A71ED9300028A01 /* SnapKit */; };
		265C2DC02A71F96F00028A01 /* Utils.swift in Sources */ = {isa = PBXBuildFile; fileRef = 265C2DBF2A71F96F00028A01 /* Utils.swift */; };
		265DB82E2A7BA12E007671B7 /* Weather.swift in Sources */ = {isa = PBXBuildFile; fileRef = 265DB82D2A7BA12E007671B7 /* Weather.swift */; };
		265DB8302A7BA332007671B7 /* WeatherData.swift in Sources */ = {isa = PBXBuildFile; fileRef = 265DB82F2A7BA332007671B7 /* WeatherData.swift */; };
		265DB8322A7BC1BF007671B7 /* WeatherItem.swift in Sources */ = {isa = PBXBuildFile; fileRef = 265DB8312A7BC1BF007671B7 /* WeatherItem.swift */; };
		265EFDCB2A94942200655208 /* C.swift in Sources */ = {isa = PBXBuildFile; fileRef = 265EFDCA2A94942200655208 /* C.swift */; };
		265EFDCE2A9496CA00655208 /* SelectUnitViewController.swift in Sources */ = {isa = PBXBuildFile; fileRef = 265EFDCD2A9496CA00655208 /* SelectUnitViewController.swift */; };
		265EFDD02A9496D200655208 /* SelectUnitViewModel.swift in Sources */ = {isa = PBXBuildFile; fileRef = 265EFDCF2A9496D200655208 /* SelectUnitViewModel.swift */; };
		2660C4DF2A66AB0800D830E6 /* SelectLocationViewModel.swift in Sources */ = {isa = PBXBuildFile; fileRef = 2660C4DE2A66AB0800D830E6 /* SelectLocationViewModel.swift */; };
		2660C4E12A66AB0F00D830E6 /* SelectLocationViewController.swift in Sources */ = {isa = PBXBuildFile; fileRef = 2660C4E02A66AB0F00D830E6 /* SelectLocationViewController.swift */; };
		2666BF5D2A6573D4006138C4 /* WeatherCardViewController.swift in Sources */ = {isa = PBXBuildFile; fileRef = 2666BF5C2A6573D4006138C4 /* WeatherCardViewController.swift */; };
		266710A72AA894BF00B64DC5 /* ManageLocationViewController.swift in Sources */ = {isa = PBXBuildFile; fileRef = 266710A62AA894BF00B64DC5 /* ManageLocationViewController.swift */; };
		266710A92AA894C600B64DC5 /* ManageLocationViewModel.swift in Sources */ = {isa = PBXBuildFile; fileRef = 266710A82AA894C600B64DC5 /* ManageLocationViewModel.swift */; };
		266710AD2AA896DD00B64DC5 /* SettingViewController.swift in Sources */ = {isa = PBXBuildFile; fileRef = 266710AC2AA896DD00B64DC5 /* SettingViewController.swift */; };
		266710AF2AA896E200B64DC5 /* SettingViewModel.swift in Sources */ = {isa = PBXBuildFile; fileRef = 266710AE2AA896E200B64DC5 /* SettingViewModel.swift */; };
		266710B12AA8A65200B64DC5 /* SettingViewCell.swift in Sources */ = {isa = PBXBuildFile; fileRef = 266710B02AA8A65200B64DC5 /* SettingViewCell.swift */; };
		266C82E62A8DE6C10017AB49 /* Localizable.strings in Resources */ = {isa = PBXBuildFile; fileRef = 266C82E82A8DE6C10017AB49 /* Localizable.strings */; };
		266E9D592A7E2D21006C162E /* Assets.xcassets in Resources */ = {isa = PBXBuildFile; fileRef = 26703D312A6161DD007E5717 /* Assets.xcassets */; };
		267030B62AAB5DAF0026ADC3 /* ManageLocationCell.swift in Sources */ = {isa = PBXBuildFile; fileRef = 267030B52AAB5DAF0026ADC3 /* ManageLocationCell.swift */; };
		26703D182A6160E5007E5717 /* WeatherAppTests.swift in Sources */ = {isa = PBXBuildFile; fileRef = 26703D172A6160E5007E5717 /* WeatherAppTests.swift */; };
		26703D222A6160E5007E5717 /* WeatherAppUITests.swift in Sources */ = {isa = PBXBuildFile; fileRef = 26703D212A6160E5007E5717 /* WeatherAppUITests.swift */; };
		26703D242A6160E5007E5717 /* WeatherAppUITestsLaunchTests.swift in Sources */ = {isa = PBXBuildFile; fileRef = 26703D232A6160E5007E5717 /* WeatherAppUITestsLaunchTests.swift */; };
		26703D452A6161DE007E5717 /* ViewControllerRepresentable.swift in Sources */ = {isa = PBXBuildFile; fileRef = 26703D372A6161DD007E5717 /* ViewControllerRepresentable.swift */; };
		26703D462A6161DE007E5717 /* MainViewController.swift in Sources */ = {isa = PBXBuildFile; fileRef = 26703D392A6161DD007E5717 /* MainViewController.swift */; };
		26703D472A6161DE007E5717 /* MainViewModel.swift in Sources */ = {isa = PBXBuildFile; fileRef = 26703D3A2A6161DD007E5717 /* MainViewModel.swift */; };
		26703D482A6161DE007E5717 /* AppCoordinator.swift in Sources */ = {isa = PBXBuildFile; fileRef = 26703D3C2A6161DD007E5717 /* AppCoordinator.swift */; };
		26703D492A6161DE007E5717 /* BaseViewModel.swift in Sources */ = {isa = PBXBuildFile; fileRef = 26703D3D2A6161DD007E5717 /* BaseViewModel.swift */; };
		26703D4A2A6161DE007E5717 /* AppDelegate.swift in Sources */ = {isa = PBXBuildFile; fileRef = 26703D3E2A6161DD007E5717 /* AppDelegate.swift */; };
		26703D4B2A6161DE007E5717 /* SceneDelegate.swift in Sources */ = {isa = PBXBuildFile; fileRef = 26703D3F2A6161DD007E5717 /* SceneDelegate.swift */; };
		2671F8DE2A7CA12400171F52 /* Lottie in Frameworks */ = {isa = PBXBuildFile; productRef = 2671F8DD2A7CA12400171F52 /* Lottie */; };
		2671F8E02A7CA1A800171F52 /* progressing.json in Resources */ = {isa = PBXBuildFile; fileRef = 2671F8DF2A7CA1A800171F52 /* progressing.json */; };
		2671F8E22A7CA1FF00171F52 /* LottieViewController.swift in Sources */ = {isa = PBXBuildFile; fileRef = 2671F8E12A7CA1FE00171F52 /* LottieViewController.swift */; };
		26727CE12A7A1E610056DED2 /* SelectLocationCell.swift in Sources */ = {isa = PBXBuildFile; fileRef = 26727CE02A7A1E610056DED2 /* SelectLocationCell.swift */; };
		26727CE42A7A4DB60056DED2 /* LocationService.swift in Sources */ = {isa = PBXBuildFile; fileRef = 26727CE32A7A4DB60056DED2 /* LocationService.swift */; };
		267391C62A65094900F1DC2D /* Realm in Frameworks */ = {isa = PBXBuildFile; productRef = 267391C52A65094900F1DC2D /* Realm */; };
		267391C82A65094900F1DC2D /* RealmSwift in Frameworks */ = {isa = PBXBuildFile; productRef = 267391C72A65094900F1DC2D /* RealmSwift */; };
		267391CC2A650AFD00F1DC2D /* AnyRepository.swift in Sources */ = {isa = PBXBuildFile; fileRef = 267391CB2A650AFD00F1DC2D /* AnyRepository.swift */; };
		267391CE2A650B3400F1DC2D /* Repository.swift in Sources */ = {isa = PBXBuildFile; fileRef = 267391CD2A650B3400F1DC2D /* Repository.swift */; };
		267391D02A650E3E00F1DC2D /* Location.swift in Sources */ = {isa = PBXBuildFile; fileRef = 267391CF2A650E3E00F1DC2D /* Location.swift */; };
		267391D22A650E9400F1DC2D /* LocationStorage.swift in Sources */ = {isa = PBXBuildFile; fileRef = 267391D12A650E9400F1DC2D /* LocationStorage.swift */; };
		267391D42A65117600F1DC2D /* WeatherDIContainer.swift in Sources */ = {isa = PBXBuildFile; fileRef = 267391D32A65117600F1DC2D /* WeatherDIContainer.swift */; };
		267391D62A6521EC00F1DC2D /* Observable.swift in Sources */ = {isa = PBXBuildFile; fileRef = 267391D52A6521EC00F1DC2D /* Observable.swift */; };
		2680B62A2A6BCC8A009031AE /* Alamofire in Frameworks */ = {isa = PBXBuildFile; productRef = 2680B6292A6BCC8A009031AE /* Alamofire */; };
		2680B62F2A6BCD46009031AE /* WeatherService.swift in Sources */ = {isa = PBXBuildFile; fileRef = 2680B62E2A6BCD46009031AE /* WeatherService.swift */; };
		2680B6312A6BCEB5009031AE /* ApiError.swift in Sources */ = {isa = PBXBuildFile; fileRef = 2680B6302A6BCEB5009031AE /* ApiError.swift */; };
		2680B6342A6BD6EA009031AE /* AppConfiguration.swift in Sources */ = {isa = PBXBuildFile; fileRef = 2680B6332A6BD6EA009031AE /* AppConfiguration.swift */; };
		269216672A67A38E0018D586 /* Geocoding.swift in Sources */ = {isa = PBXBuildFile; fileRef = 269216662A67A38E0018D586 /* Geocoding.swift */; };
		26F9827A2A6CC5BB009FAB48 /* Extensions.swift in Sources */ = {isa = PBXBuildFile; fileRef = 26F982792A6CC5BB009FAB48 /* Extensions.swift */; };
/* End PBXBuildFile section */

/* Begin PBXContainerItemProxy section */
		26703D142A6160E5007E5717 /* PBXContainerItemProxy */ = {
			isa = PBXContainerItemProxy;
			containerPortal = 26703CF52A6160E4007E5717 /* Project object */;
			proxyType = 1;
			remoteGlobalIDString = 26703CFC2A6160E4007E5717;
			remoteInfo = WeatherApp;
		};
		26703D1E2A6160E5007E5717 /* PBXContainerItemProxy */ = {
			isa = PBXContainerItemProxy;
			containerPortal = 26703CF52A6160E4007E5717 /* Project object */;
			proxyType = 1;
			remoteGlobalIDString = 26703CFC2A6160E4007E5717;
			remoteInfo = WeatherApp;
		};
/* End PBXContainerItemProxy section */

/* Begin PBXFileReference section */
		2617AF432A74A4100089118A /* NavigationController.swift */ = {isa = PBXFileReference; lastKnownFileType = sourcecode.swift; path = NavigationController.swift; sourceTree = "<group>"; };
		2638F7A22A932F500017EED8 /* WeatherItemV2.swift */ = {isa = PBXFileReference; lastKnownFileType = sourcecode.swift; path = WeatherItemV2.swift; sourceTree = "<group>"; };
		2638F7A42A932F7E0017EED8 /* WeatherServiceV2.swift */ = {isa = PBXFileReference; lastKnownFileType = sourcecode.swift; path = WeatherServiceV2.swift; sourceTree = "<group>"; };
		2638F7A62A932FD60017EED8 /* WeatherDataV2.swift */ = {isa = PBXFileReference; lastKnownFileType = sourcecode.swift; path = WeatherDataV2.swift; sourceTree = "<group>"; };
		265840702A628B72009F2CC4 /* BaseViewController.swift */ = {isa = PBXFileReference; lastKnownFileType = sourcecode.swift; path = BaseViewController.swift; sourceTree = "<group>"; };
		265840732A629B55009F2CC4 /* SampleViewModel.swift */ = {isa = PBXFileReference; lastKnownFileType = sourcecode.swift; path = SampleViewModel.swift; sourceTree = "<group>"; };
		265840752A629B5C009F2CC4 /* SampleViewController.swift */ = {isa = PBXFileReference; lastKnownFileType = sourcecode.swift; path = SampleViewController.swift; sourceTree = "<group>"; };
		265BF3082A7D37C80087ADDA /* SplashViewController.swift */ = {isa = PBXFileReference; lastKnownFileType = sourcecode.swift; path = SplashViewController.swift; sourceTree = "<group>"; };
		265BF30A2A7D37D00087ADDA /* SplashViewModel.swift */ = {isa = PBXFileReference; lastKnownFileType = sourcecode.swift; path = SplashViewModel.swift; sourceTree = "<group>"; };
		265BF30D2A7D37E10087ADDA /* BlueprintViewController.swift */ = {isa = PBXFileReference; lastKnownFileType = sourcecode.swift; path = BlueprintViewController.swift; sourceTree = "<group>"; };
		265BF30F2A7D37EA0087ADDA /* BlueprintViewModel.swift */ = {isa = PBXFileReference; lastKnownFileType = sourcecode.swift; path = BlueprintViewModel.swift; sourceTree = "<group>"; };
		265BF3112A7D38CD0087ADDA /* Defaults.swift */ = {isa = PBXFileReference; lastKnownFileType = sourcecode.swift; path = Defaults.swift; sourceTree = "<group>"; };
		265BF3132A7D3BB60087ADDA /* splash.json */ = {isa = PBXFileReference; fileEncoding = 4; lastKnownFileType = text.json; path = splash.json; sourceTree = "<group>"; };
		265C2DBF2A71F96F00028A01 /* Utils.swift */ = {isa = PBXFileReference; lastKnownFileType = sourcecode.swift; path = Utils.swift; sourceTree = "<group>"; };
		265DB82D2A7BA12E007671B7 /* Weather.swift */ = {isa = PBXFileReference; lastKnownFileType = sourcecode.swift; path = Weather.swift; sourceTree = "<group>"; };
		265DB82F2A7BA332007671B7 /* WeatherData.swift */ = {isa = PBXFileReference; lastKnownFileType = sourcecode.swift; path = WeatherData.swift; sourceTree = "<group>"; };
		265DB8312A7BC1BF007671B7 /* WeatherItem.swift */ = {isa = PBXFileReference; lastKnownFileType = sourcecode.swift; path = WeatherItem.swift; sourceTree = "<group>"; };
		265EFDCA2A94942200655208 /* C.swift */ = {isa = PBXFileReference; lastKnownFileType = sourcecode.swift; path = C.swift; sourceTree = "<group>"; };
		265EFDCD2A9496CA00655208 /* SelectUnitViewController.swift */ = {isa = PBXFileReference; lastKnownFileType = sourcecode.swift; path = SelectUnitViewController.swift; sourceTree = "<group>"; };
		265EFDCF2A9496D200655208 /* SelectUnitViewModel.swift */ = {isa = PBXFileReference; lastKnownFileType = sourcecode.swift; path = SelectUnitViewModel.swift; sourceTree = "<group>"; };
		2660C4DE2A66AB0800D830E6 /* SelectLocationViewModel.swift */ = {isa = PBXFileReference; lastKnownFileType = sourcecode.swift; path = SelectLocationViewModel.swift; sourceTree = "<group>"; };
		2660C4E02A66AB0F00D830E6 /* SelectLocationViewController.swift */ = {isa = PBXFileReference; lastKnownFileType = sourcecode.swift; path = SelectLocationViewController.swift; sourceTree = "<group>"; };
		2666BF5C2A6573D4006138C4 /* WeatherCardViewController.swift */ = {isa = PBXFileReference; lastKnownFileType = sourcecode.swift; path = WeatherCardViewController.swift; sourceTree = "<group>"; };
		266710A62AA894BF00B64DC5 /* ManageLocationViewController.swift */ = {isa = PBXFileReference; lastKnownFileType = sourcecode.swift; path = ManageLocationViewController.swift; sourceTree = "<group>"; };
		266710A82AA894C600B64DC5 /* ManageLocationViewModel.swift */ = {isa = PBXFileReference; lastKnownFileType = sourcecode.swift; path = ManageLocationViewModel.swift; sourceTree = "<group>"; };
		266710AC2AA896DD00B64DC5 /* SettingViewController.swift */ = {isa = PBXFileReference; lastKnownFileType = sourcecode.swift; path = SettingViewController.swift; sourceTree = "<group>"; };
		266710AE2AA896E200B64DC5 /* SettingViewModel.swift */ = {isa = PBXFileReference; lastKnownFileType = sourcecode.swift; path = SettingViewModel.swift; sourceTree = "<group>"; };
		266710B02AA8A65200B64DC5 /* SettingViewCell.swift */ = {isa = PBXFileReference; lastKnownFileType = sourcecode.swift; path = SettingViewCell.swift; sourceTree = "<group>"; };
		266C82E72A8DE6C10017AB49 /* en */ = {isa = PBXFileReference; lastKnownFileType = text.plist.strings; name = en; path = en.lproj/Localizable.strings; sourceTree = "<group>"; };
		266C82E92A8DE6E40017AB49 /* ko */ = {isa = PBXFileReference; lastKnownFileType = text.plist.strings; name = ko; path = ko.lproj/Localizable.strings; sourceTree = "<group>"; };
		267030B52AAB5DAF0026ADC3 /* ManageLocationCell.swift */ = {isa = PBXFileReference; lastKnownFileType = sourcecode.swift; path = ManageLocationCell.swift; sourceTree = "<group>"; };
		26703CFD2A6160E4007E5717 /* WeatherApp.app */ = {isa = PBXFileReference; explicitFileType = wrapper.application; includeInIndex = 0; path = WeatherApp.app; sourceTree = BUILT_PRODUCTS_DIR; };
		26703D132A6160E5007E5717 /* WeatherAppTests.xctest */ = {isa = PBXFileReference; explicitFileType = wrapper.cfbundle; includeInIndex = 0; path = WeatherAppTests.xctest; sourceTree = BUILT_PRODUCTS_DIR; };
		26703D172A6160E5007E5717 /* WeatherAppTests.swift */ = {isa = PBXFileReference; lastKnownFileType = sourcecode.swift; path = WeatherAppTests.swift; sourceTree = "<group>"; };
		26703D1D2A6160E5007E5717 /* WeatherAppUITests.xctest */ = {isa = PBXFileReference; explicitFileType = wrapper.cfbundle; includeInIndex = 0; path = WeatherAppUITests.xctest; sourceTree = BUILT_PRODUCTS_DIR; };
		26703D212A6160E5007E5717 /* WeatherAppUITests.swift */ = {isa = PBXFileReference; lastKnownFileType = sourcecode.swift; path = WeatherAppUITests.swift; sourceTree = "<group>"; };
		26703D232A6160E5007E5717 /* WeatherAppUITestsLaunchTests.swift */ = {isa = PBXFileReference; lastKnownFileType = sourcecode.swift; path = WeatherAppUITestsLaunchTests.swift; sourceTree = "<group>"; };
		26703D312A6161DD007E5717 /* Assets.xcassets */ = {isa = PBXFileReference; lastKnownFileType = folder.assetcatalog; path = Assets.xcassets; sourceTree = "<group>"; };
		26703D332A6161DD007E5717 /* Base */ = {isa = PBXFileReference; lastKnownFileType = file.storyboard; name = Base; path = Base.lproj/LaunchScreen.storyboard; sourceTree = "<group>"; };
		26703D372A6161DD007E5717 /* ViewControllerRepresentable.swift */ = {isa = PBXFileReference; fileEncoding = 4; lastKnownFileType = sourcecode.swift; path = ViewControllerRepresentable.swift; sourceTree = "<group>"; };
		26703D392A6161DD007E5717 /* MainViewController.swift */ = {isa = PBXFileReference; fileEncoding = 4; lastKnownFileType = sourcecode.swift; path = MainViewController.swift; sourceTree = "<group>"; };
		26703D3A2A6161DD007E5717 /* MainViewModel.swift */ = {isa = PBXFileReference; fileEncoding = 4; lastKnownFileType = sourcecode.swift; path = MainViewModel.swift; sourceTree = "<group>"; };
		26703D3C2A6161DD007E5717 /* AppCoordinator.swift */ = {isa = PBXFileReference; fileEncoding = 4; lastKnownFileType = sourcecode.swift; path = AppCoordinator.swift; sourceTree = "<group>"; };
		26703D3D2A6161DD007E5717 /* BaseViewModel.swift */ = {isa = PBXFileReference; fileEncoding = 4; lastKnownFileType = sourcecode.swift; path = BaseViewModel.swift; sourceTree = "<group>"; };
		26703D3E2A6161DD007E5717 /* AppDelegate.swift */ = {isa = PBXFileReference; fileEncoding = 4; lastKnownFileType = sourcecode.swift; path = AppDelegate.swift; sourceTree = "<group>"; };
		26703D3F2A6161DD007E5717 /* SceneDelegate.swift */ = {isa = PBXFileReference; fileEncoding = 4; lastKnownFileType = sourcecode.swift; path = SceneDelegate.swift; sourceTree = "<group>"; };
		26703D502A6162D0007E5717 /* Info.plist */ = {isa = PBXFileReference; fileEncoding = 4; lastKnownFileType = text.plist.xml; path = Info.plist; sourceTree = "<group>"; };
		2671F8DF2A7CA1A800171F52 /* progressing.json */ = {isa = PBXFileReference; fileEncoding = 4; lastKnownFileType = text.json; path = progressing.json; sourceTree = "<group>"; };
		2671F8E12A7CA1FE00171F52 /* LottieViewController.swift */ = {isa = PBXFileReference; lastKnownFileType = sourcecode.swift; path = LottieViewController.swift; sourceTree = "<group>"; };
		26727CE02A7A1E610056DED2 /* SelectLocationCell.swift */ = {isa = PBXFileReference; lastKnownFileType = sourcecode.swift; path = SelectLocationCell.swift; sourceTree = "<group>"; };
		26727CE32A7A4DB60056DED2 /* LocationService.swift */ = {isa = PBXFileReference; lastKnownFileType = sourcecode.swift; path = LocationService.swift; sourceTree = "<group>"; };
		267391CB2A650AFD00F1DC2D /* AnyRepository.swift */ = {isa = PBXFileReference; lastKnownFileType = sourcecode.swift; path = AnyRepository.swift; sourceTree = "<group>"; };
		267391CD2A650B3400F1DC2D /* Repository.swift */ = {isa = PBXFileReference; lastKnownFileType = sourcecode.swift; path = Repository.swift; sourceTree = "<group>"; };
		267391CF2A650E3E00F1DC2D /* Location.swift */ = {isa = PBXFileReference; lastKnownFileType = sourcecode.swift; path = Location.swift; sourceTree = "<group>"; };
		267391D12A650E9400F1DC2D /* LocationStorage.swift */ = {isa = PBXFileReference; lastKnownFileType = sourcecode.swift; path = LocationStorage.swift; sourceTree = "<group>"; };
		267391D32A65117600F1DC2D /* WeatherDIContainer.swift */ = {isa = PBXFileReference; lastKnownFileType = sourcecode.swift; path = WeatherDIContainer.swift; sourceTree = "<group>"; };
		267391D52A6521EC00F1DC2D /* Observable.swift */ = {isa = PBXFileReference; lastKnownFileType = sourcecode.swift; path = Observable.swift; sourceTree = "<group>"; };
		2680B62E2A6BCD46009031AE /* WeatherService.swift */ = {isa = PBXFileReference; lastKnownFileType = sourcecode.swift; path = WeatherService.swift; sourceTree = "<group>"; };
		2680B6302A6BCEB5009031AE /* ApiError.swift */ = {isa = PBXFileReference; lastKnownFileType = sourcecode.swift; path = ApiError.swift; sourceTree = "<group>"; };
		2680B6322A6BD5E1009031AE /* ApiConfig.xcconfig */ = {isa = PBXFileReference; lastKnownFileType = text.xcconfig; path = ApiConfig.xcconfig; sourceTree = "<group>"; };
		2680B6332A6BD6EA009031AE /* AppConfiguration.swift */ = {isa = PBXFileReference; lastKnownFileType = sourcecode.swift; path = AppConfiguration.swift; sourceTree = "<group>"; };
		269216662A67A38E0018D586 /* Geocoding.swift */ = {isa = PBXFileReference; lastKnownFileType = sourcecode.swift; path = Geocoding.swift; sourceTree = "<group>"; };
		26F982792A6CC5BB009FAB48 /* Extensions.swift */ = {isa = PBXFileReference; lastKnownFileType = sourcecode.swift; path = Extensions.swift; sourceTree = "<group>"; };
/* End PBXFileReference section */

/* Begin PBXFrameworksBuildPhase section */
		26703CFA2A6160E4007E5717 /* Frameworks */ = {
			isa = PBXFrameworksBuildPhase;
			buildActionMask = 2147483647;
			files = (
				261677D72A84C4D00038DE5D /* FlexLayout in Frameworks */,
				2671F8DE2A7CA12400171F52 /* Lottie in Frameworks */,
				261677DB2A84C4D00038DE5D /* FlexLayoutYogaKit in Frameworks */,
				2680B62A2A6BCC8A009031AE /* Alamofire in Frameworks */,
				261677D92A84C4D00038DE5D /* FlexLayoutYoga in Frameworks */,
				261677C72A84C0A20038DE5D /* PinLayout in Frameworks */,
				265C2DBC2A71ED9300028A01 /* SnapKit in Frameworks */,
				267391C82A65094900F1DC2D /* RealmSwift in Frameworks */,
				267391C62A65094900F1DC2D /* Realm in Frameworks */,
			);
			runOnlyForDeploymentPostprocessing = 0;
		};
		26703D102A6160E5007E5717 /* Frameworks */ = {
			isa = PBXFrameworksBuildPhase;
			buildActionMask = 2147483647;
			files = (
			);
			runOnlyForDeploymentPostprocessing = 0;
		};
		26703D1A2A6160E5007E5717 /* Frameworks */ = {
			isa = PBXFrameworksBuildPhase;
			buildActionMask = 2147483647;
			files = (
			);
			runOnlyForDeploymentPostprocessing = 0;
		};
/* End PBXFrameworksBuildPhase section */

/* Begin PBXGroup section */
		26241EE92A6F84FD008BA456 /* Base */ = {
			isa = PBXGroup;
			children = (
				26703D3D2A6161DD007E5717 /* BaseViewModel.swift */,
				265840702A628B72009F2CC4 /* BaseViewController.swift */,
			);
			path = Base;
			sourceTree = "<group>";
		};
		265058582AA9FB52007821B8 /* CustomView */ = {
			isa = PBXGroup;
			children = (
				2671F8E12A7CA1FE00171F52 /* LottieViewController.swift */,
			);
			path = CustomView;
			sourceTree = "<group>";
		};
		265840722A629B48009F2CC4 /* Sample */ = {
			isa = PBXGroup;
			children = (
				265840732A629B55009F2CC4 /* SampleViewModel.swift */,
				265840752A629B5C009F2CC4 /* SampleViewController.swift */,
			);
			path = Sample;
			sourceTree = "<group>";
		};
		265BF3072A7D37BB0087ADDA /* Splash */ = {
			isa = PBXGroup;
			children = (
				265EFDCC2A94969C00655208 /* SelectUnitView */,
				265BF3082A7D37C80087ADDA /* SplashViewController.swift */,
				265BF30A2A7D37D00087ADDA /* SplashViewModel.swift */,
			);
			path = Splash;
			sourceTree = "<group>";
		};
		265BF30C2A7D37D30087ADDA /* Blueprint */ = {
			isa = PBXGroup;
			children = (
				265BF30D2A7D37E10087ADDA /* BlueprintViewController.swift */,
				265BF30F2A7D37EA0087ADDA /* BlueprintViewModel.swift */,
			);
			path = Blueprint;
			sourceTree = "<group>";
		};
		265DB82A2A7B8334007671B7 /* WeatherCard */ = {
			isa = PBXGroup;
			children = (
				2666BF5C2A6573D4006138C4 /* WeatherCardViewController.swift */,
			);
			path = WeatherCard;
			sourceTree = "<group>";
		};
		265EFDCC2A94969C00655208 /* SelectUnitView */ = {
			isa = PBXGroup;
			children = (
				265EFDCD2A9496CA00655208 /* SelectUnitViewController.swift */,
				265EFDCF2A9496D200655208 /* SelectUnitViewModel.swift */,
			);
			path = SelectUnitView;
			sourceTree = "<group>";
		};
		2660C4DD2A66AAEB00D830E6 /* SelectLocation */ = {
			isa = PBXGroup;
			children = (
				2660C4E02A66AB0F00D830E6 /* SelectLocationViewController.swift */,
				2660C4DE2A66AB0800D830E6 /* SelectLocationViewModel.swift */,
				26727CE02A7A1E610056DED2 /* SelectLocationCell.swift */,
			);
			path = SelectLocation;
			sourceTree = "<group>";
		};
		266710A52AA894AE00B64DC5 /* EditLocation */ = {
			isa = PBXGroup;
			children = (
				266710A62AA894BF00B64DC5 /* ManageLocationViewController.swift */,
				266710A82AA894C600B64DC5 /* ManageLocationViewModel.swift */,
				267030B52AAB5DAF0026ADC3 /* ManageLocationCell.swift */,
			);
			path = EditLocation;
			sourceTree = "<group>";
		};
		266710AB2AA896CF00B64DC5 /* Setting */ = {
			isa = PBXGroup;
			children = (
				266710AC2AA896DD00B64DC5 /* SettingViewController.swift */,
				266710AE2AA896E200B64DC5 /* SettingViewModel.swift */,
				266710B02AA8A65200B64DC5 /* SettingViewCell.swift */,
			);
			path = Setting;
			sourceTree = "<group>";
		};
		26703CF42A6160E4007E5717 = {
			isa = PBXGroup;
			children = (
				26703CFF2A6160E4007E5717 /* WeatherApp */,
				26703D162A6160E5007E5717 /* WeatherAppTests */,
				26703D202A6160E5007E5717 /* WeatherAppUITests */,
				26703CFE2A6160E4007E5717 /* Products */,
			);
			sourceTree = "<group>";
		};
		26703CFE2A6160E4007E5717 /* Products */ = {
			isa = PBXGroup;
			children = (
				26703CFD2A6160E4007E5717 /* WeatherApp.app */,
				26703D132A6160E5007E5717 /* WeatherAppTests.xctest */,
				26703D1D2A6160E5007E5717 /* WeatherAppUITests.xctest */,
			);
			name = Products;
			sourceTree = "<group>";
		};
		26703CFF2A6160E4007E5717 /* WeatherApp */ = {
			isa = PBXGroup;
			children = (
				26241EE92A6F84FD008BA456 /* Base */,
				26703D3B2A6161DD007E5717 /* Application */,
				2680B62C2A6BCCC4009031AE /* Infrastructure */,
				26703D402A6161DE007E5717 /* Data */,
				26703D412A6161DE007E5717 /* Domain */,
				26703D352A6161DD007E5717 /* Presentation */,
				26703D302A6161DD007E5717 /* Resources */,
			);
			path = WeatherApp;
			sourceTree = "<group>";
		};
		26703D162A6160E5007E5717 /* WeatherAppTests */ = {
			isa = PBXGroup;
			children = (
				26703D172A6160E5007E5717 /* WeatherAppTests.swift */,
			);
			path = WeatherAppTests;
			sourceTree = "<group>";
		};
		26703D202A6160E5007E5717 /* WeatherAppUITests */ = {
			isa = PBXGroup;
			children = (
				26703D212A6160E5007E5717 /* WeatherAppUITests.swift */,
				26703D232A6160E5007E5717 /* WeatherAppUITestsLaunchTests.swift */,
			);
			path = WeatherAppUITests;
			sourceTree = "<group>";
		};
		26703D302A6161DD007E5717 /* Resources */ = {
			isa = PBXGroup;
			children = (
				266C82E82A8DE6C10017AB49 /* Localizable.strings */,
				265BF3132A7D3BB60087ADDA /* splash.json */,
				2671F8DF2A7CA1A800171F52 /* progressing.json */,
				26703D312A6161DD007E5717 /* Assets.xcassets */,
				26703D322A6161DD007E5717 /* LaunchScreen.storyboard */,
				26703D502A6162D0007E5717 /* Info.plist */,
				2680B6322A6BD5E1009031AE /* ApiConfig.xcconfig */,
				265BF3112A7D38CD0087ADDA /* Defaults.swift */,
				265EFDCA2A94942200655208 /* C.swift */,
			);
			path = Resources;
			sourceTree = "<group>";
		};
		26703D352A6161DD007E5717 /* Presentation */ = {
			isa = PBXGroup;
			children = (
				265058582AA9FB52007821B8 /* CustomView */,
				266710AB2AA896CF00B64DC5 /* Setting */,
				266710A52AA894AE00B64DC5 /* EditLocation */,
				265BF30C2A7D37D30087ADDA /* Blueprint */,
				265BF3072A7D37BB0087ADDA /* Splash */,
				2660C4DD2A66AAEB00D830E6 /* SelectLocation */,
				265840722A629B48009F2CC4 /* Sample */,
				26703D362A6161DD007E5717 /* Util */,
				26703D382A6161DD007E5717 /* Main */,
			);
			path = Presentation;
			sourceTree = "<group>";
		};
		26703D362A6161DD007E5717 /* Util */ = {
			isa = PBXGroup;
			children = (
				26703D372A6161DD007E5717 /* ViewControllerRepresentable.swift */,
				267391D52A6521EC00F1DC2D /* Observable.swift */,
				26F982792A6CC5BB009FAB48 /* Extensions.swift */,
				265C2DBF2A71F96F00028A01 /* Utils.swift */,
			);
			path = Util;
			sourceTree = "<group>";
		};
		26703D382A6161DD007E5717 /* Main */ = {
			isa = PBXGroup;
			children = (
				26703D392A6161DD007E5717 /* MainViewController.swift */,
				26703D3A2A6161DD007E5717 /* MainViewModel.swift */,
				265DB82A2A7B8334007671B7 /* WeatherCard */,
			);
			path = Main;
			sourceTree = "<group>";
		};
		26703D3B2A6161DD007E5717 /* Application */ = {
			isa = PBXGroup;
			children = (
				26703D3E2A6161DD007E5717 /* AppDelegate.swift */,
				26703D3F2A6161DD007E5717 /* SceneDelegate.swift */,
				26703D3C2A6161DD007E5717 /* AppCoordinator.swift */,
				267391D32A65117600F1DC2D /* WeatherDIContainer.swift */,
				2680B6332A6BD6EA009031AE /* AppConfiguration.swift */,
				2617AF432A74A4100089118A /* NavigationController.swift */,
			);
			path = Application;
			sourceTree = "<group>";
		};
		26703D402A6161DE007E5717 /* Data */ = {
			isa = PBXGroup;
			children = (
				2680B62B2A6BCC9A009031AE /* Network */,
				267391CA2A650AE500F1DC2D /* Persistence */,
				267391C92A650AD800F1DC2D /* Model */,
			);
			path = Data;
			sourceTree = "<group>";
		};
		26703D412A6161DE007E5717 /* Domain */ = {
			isa = PBXGroup;
			children = (
				269216652A67A3860018D586 /* Entities */,
			);
			path = Domain;
			sourceTree = "<group>";
		};
		26727CE22A7A4DAC0056DED2 /* Location */ = {
			isa = PBXGroup;
			children = (
				26727CE32A7A4DB60056DED2 /* LocationService.swift */,
			);
			path = Location;
			sourceTree = "<group>";
		};
		267391C92A650AD800F1DC2D /* Model */ = {
			isa = PBXGroup;
			children = (
				267391CF2A650E3E00F1DC2D /* Location.swift */,
				265DB8312A7BC1BF007671B7 /* WeatherItem.swift */,
				2638F7A22A932F500017EED8 /* WeatherItemV2.swift */,
			);
			path = Model;
			sourceTree = "<group>";
		};
		267391CA2A650AE500F1DC2D /* Persistence */ = {
			isa = PBXGroup;
			children = (
				267391CB2A650AFD00F1DC2D /* AnyRepository.swift */,
				267391CD2A650B3400F1DC2D /* Repository.swift */,
				267391D12A650E9400F1DC2D /* LocationStorage.swift */,
			);
			path = Persistence;
			sourceTree = "<group>";
		};
		2680B62B2A6BCC9A009031AE /* Network */ = {
			isa = PBXGroup;
			children = (
				2680B6302A6BCEB5009031AE /* ApiError.swift */,
			);
			path = Network;
			sourceTree = "<group>";
		};
		2680B62C2A6BCCC4009031AE /* Infrastructure */ = {
			isa = PBXGroup;
			children = (
				26727CE22A7A4DAC0056DED2 /* Location */,
				2680B62D2A6BCCCD009031AE /* Network */,
			);
			path = Infrastructure;
			sourceTree = "<group>";
		};
		2680B62D2A6BCCCD009031AE /* Network */ = {
			isa = PBXGroup;
			children = (
				2680B62E2A6BCD46009031AE /* WeatherService.swift */,
				2638F7A42A932F7E0017EED8 /* WeatherServiceV2.swift */,
			);
			path = Network;
			sourceTree = "<group>";
		};
		269216652A67A3860018D586 /* Entities */ = {
			isa = PBXGroup;
			children = (
				269216662A67A38E0018D586 /* Geocoding.swift */,
				265DB82D2A7BA12E007671B7 /* Weather.swift */,
				265DB82F2A7BA332007671B7 /* WeatherData.swift */,
				2638F7A62A932FD60017EED8 /* WeatherDataV2.swift */,
			);
			path = Entities;
			sourceTree = "<group>";
		};
/* End PBXGroup section */

/* Begin PBXNativeTarget section */
		26703CFC2A6160E4007E5717 /* WeatherApp */ = {
			isa = PBXNativeTarget;
			buildConfigurationList = 26703D272A6160E5007E5717 /* Build configuration list for PBXNativeTarget "WeatherApp" */;
			buildPhases = (
				26703CF92A6160E4007E5717 /* Sources */,
				26703CFA2A6160E4007E5717 /* Frameworks */,
				26703CFB2A6160E4007E5717 /* Resources */,
			);
			buildRules = (
			);
			dependencies = (
			);
			name = WeatherApp;
			packageProductDependencies = (
				267391C52A65094900F1DC2D /* Realm */,
				267391C72A65094900F1DC2D /* RealmSwift */,
				2680B6292A6BCC8A009031AE /* Alamofire */,
				265C2DBB2A71ED9300028A01 /* SnapKit */,
				2671F8DD2A7CA12400171F52 /* Lottie */,
				261677C62A84C0A20038DE5D /* PinLayout */,
				261677D62A84C4D00038DE5D /* FlexLayout */,
				261677D82A84C4D00038DE5D /* FlexLayoutYoga */,
				261677DA2A84C4D00038DE5D /* FlexLayoutYogaKit */,
			);
			productName = WeatherApp;
			productReference = 26703CFD2A6160E4007E5717 /* WeatherApp.app */;
			productType = "com.apple.product-type.application";
		};
		26703D122A6160E5007E5717 /* WeatherAppTests */ = {
			isa = PBXNativeTarget;
			buildConfigurationList = 26703D2A2A6160E5007E5717 /* Build configuration list for PBXNativeTarget "WeatherAppTests" */;
			buildPhases = (
				26703D0F2A6160E5007E5717 /* Sources */,
				26703D102A6160E5007E5717 /* Frameworks */,
				26703D112A6160E5007E5717 /* Resources */,
			);
			buildRules = (
			);
			dependencies = (
				26703D152A6160E5007E5717 /* PBXTargetDependency */,
			);
			name = WeatherAppTests;
			productName = WeatherAppTests;
			productReference = 26703D132A6160E5007E5717 /* WeatherAppTests.xctest */;
			productType = "com.apple.product-type.bundle.unit-test";
		};
		26703D1C2A6160E5007E5717 /* WeatherAppUITests */ = {
			isa = PBXNativeTarget;
			buildConfigurationList = 26703D2D2A6160E5007E5717 /* Build configuration list for PBXNativeTarget "WeatherAppUITests" */;
			buildPhases = (
				26703D192A6160E5007E5717 /* Sources */,
				26703D1A2A6160E5007E5717 /* Frameworks */,
				26703D1B2A6160E5007E5717 /* Resources */,
			);
			buildRules = (
			);
			dependencies = (
				26703D1F2A6160E5007E5717 /* PBXTargetDependency */,
			);
			name = WeatherAppUITests;
			productName = WeatherAppUITests;
			productReference = 26703D1D2A6160E5007E5717 /* WeatherAppUITests.xctest */;
			productType = "com.apple.product-type.bundle.ui-testing";
		};
/* End PBXNativeTarget section */

/* Begin PBXProject section */
		26703CF52A6160E4007E5717 /* Project object */ = {
			isa = PBXProject;
			attributes = {
				BuildIndependentTargetsInParallel = 1;
				LastSwiftUpdateCheck = 1430;
				LastUpgradeCheck = 1430;
				TargetAttributes = {
					26703CFC2A6160E4007E5717 = {
						CreatedOnToolsVersion = 14.3;
					};
					26703D122A6160E5007E5717 = {
						CreatedOnToolsVersion = 14.3;
						TestTargetID = 26703CFC2A6160E4007E5717;
					};
					26703D1C2A6160E5007E5717 = {
						CreatedOnToolsVersion = 14.3;
						TestTargetID = 26703CFC2A6160E4007E5717;
					};
				};
			};
			buildConfigurationList = 26703CF82A6160E4007E5717 /* Build configuration list for PBXProject "WeatherApp" */;
			compatibilityVersion = "Xcode 14.0";
			developmentRegion = en;
			hasScannedForEncodings = 0;
			knownRegions = (
				en,
				Base,
				ko,
			);
			mainGroup = 26703CF42A6160E4007E5717;
			packageReferences = (
				267391C42A65094900F1DC2D /* XCRemoteSwiftPackageReference "realm-swift" */,
				2680B6282A6BCC8A009031AE /* XCRemoteSwiftPackageReference "Alamofire" */,
				265C2DBA2A71ED9200028A01 /* XCRemoteSwiftPackageReference "SnapKit" */,
				2671F8DC2A7CA12300171F52 /* XCRemoteSwiftPackageReference "lottie-ios" */,
				261677C52A84C0A20038DE5D /* XCRemoteSwiftPackageReference "PinLayout" */,
				261677D52A84C4D00038DE5D /* XCRemoteSwiftPackageReference "FlexLayout" */,
			);
			productRefGroup = 26703CFE2A6160E4007E5717 /* Products */;
			projectDirPath = "";
			projectRoot = "";
			targets = (
				26703CFC2A6160E4007E5717 /* WeatherApp */,
				26703D122A6160E5007E5717 /* WeatherAppTests */,
				26703D1C2A6160E5007E5717 /* WeatherAppUITests */,
			);
		};
/* End PBXProject section */

/* Begin PBXResourcesBuildPhase section */
		26703CFB2A6160E4007E5717 /* Resources */ = {
			isa = PBXResourcesBuildPhase;
			buildActionMask = 2147483647;
			files = (
				265BF3142A7D3BB60087ADDA /* splash.json in Resources */,
				266C82E62A8DE6C10017AB49 /* Localizable.strings in Resources */,
				266E9D592A7E2D21006C162E /* Assets.xcassets in Resources */,
				2671F8E02A7CA1A800171F52 /* progressing.json in Resources */,
			);
			runOnlyForDeploymentPostprocessing = 0;
		};
		26703D112A6160E5007E5717 /* Resources */ = {
			isa = PBXResourcesBuildPhase;
			buildActionMask = 2147483647;
			files = (
			);
			runOnlyForDeploymentPostprocessing = 0;
		};
		26703D1B2A6160E5007E5717 /* Resources */ = {
			isa = PBXResourcesBuildPhase;
			buildActionMask = 2147483647;
			files = (
			);
			runOnlyForDeploymentPostprocessing = 0;
		};
/* End PBXResourcesBuildPhase section */

/* Begin PBXSourcesBuildPhase section */
		26703CF92A6160E4007E5717 /* Sources */ = {
			isa = PBXSourcesBuildPhase;
			buildActionMask = 2147483647;
			files = (
				2666BF5D2A6573D4006138C4 /* WeatherCardViewController.swift in Sources */,
				267391D62A6521EC00F1DC2D /* Observable.swift in Sources */,
				266710AF2AA896E200B64DC5 /* SettingViewModel.swift in Sources */,
				26727CE12A7A1E610056DED2 /* SelectLocationCell.swift in Sources */,
				2638F7A32A932F500017EED8 /* WeatherItemV2.swift in Sources */,
				265EFDCB2A94942200655208 /* C.swift in Sources */,
				265DB8322A7BC1BF007671B7 /* WeatherItem.swift in Sources */,
				265840762A629B5C009F2CC4 /* SampleViewController.swift in Sources */,
				2660C4DF2A66AB0800D830E6 /* SelectLocationViewModel.swift in Sources */,
				266710B12AA8A65200B64DC5 /* SettingViewCell.swift in Sources */,
				26703D452A6161DE007E5717 /* ViewControllerRepresentable.swift in Sources */,
				265C2DC02A71F96F00028A01 /* Utils.swift in Sources */,
				269216672A67A38E0018D586 /* Geocoding.swift in Sources */,
				265DB82E2A7BA12E007671B7 /* Weather.swift in Sources */,
				2660C4E12A66AB0F00D830E6 /* SelectLocationViewController.swift in Sources */,
				267030B62AAB5DAF0026ADC3 /* ManageLocationCell.swift in Sources */,
				265BF30B2A7D37D00087ADDA /* SplashViewModel.swift in Sources */,
				26703D4A2A6161DE007E5717 /* AppDelegate.swift in Sources */,
				26703D4B2A6161DE007E5717 /* SceneDelegate.swift in Sources */,
				265EFDCE2A9496CA00655208 /* SelectUnitViewController.swift in Sources */,
				2680B6342A6BD6EA009031AE /* AppConfiguration.swift in Sources */,
				2638F7A52A932F7E0017EED8 /* WeatherServiceV2.swift in Sources */,
				267391CC2A650AFD00F1DC2D /* AnyRepository.swift in Sources */,
				265840742A629B55009F2CC4 /* SampleViewModel.swift in Sources */,
				26727CE42A7A4DB60056DED2 /* LocationService.swift in Sources */,
				266710A72AA894BF00B64DC5 /* ManageLocationViewController.swift in Sources */,
				265DB8302A7BA332007671B7 /* WeatherData.swift in Sources */,
				2680B6312A6BCEB5009031AE /* ApiError.swift in Sources */,
				265BF3122A7D38CD0087ADDA /* Defaults.swift in Sources */,
				267391D02A650E3E00F1DC2D /* Location.swift in Sources */,
				2680B62F2A6BCD46009031AE /* WeatherService.swift in Sources */,
				265BF3092A7D37C80087ADDA /* SplashViewController.swift in Sources */,
				2638F7A72A932FD60017EED8 /* WeatherDataV2.swift in Sources */,
				26F9827A2A6CC5BB009FAB48 /* Extensions.swift in Sources */,
				265BF3102A7D37EA0087ADDA /* BlueprintViewModel.swift in Sources */,
				26703D462A6161DE007E5717 /* MainViewController.swift in Sources */,
				265BF30E2A7D37E10087ADDA /* BlueprintViewController.swift in Sources */,
				26703D492A6161DE007E5717 /* BaseViewModel.swift in Sources */,
				265840712A628B72009F2CC4 /* BaseViewController.swift in Sources */,
				26703D472A6161DE007E5717 /* MainViewModel.swift in Sources */,
				2617AF442A74A4100089118A /* NavigationController.swift in Sources */,
				265EFDD02A9496D200655208 /* SelectUnitViewModel.swift in Sources */,
				266710A92AA894C600B64DC5 /* ManageLocationViewModel.swift in Sources */,
				26703D482A6161DE007E5717 /* AppCoordinator.swift in Sources */,
				266710AD2AA896DD00B64DC5 /* SettingViewController.swift in Sources */,
				267391D22A650E9400F1DC2D /* LocationStorage.swift in Sources */,
				267391CE2A650B3400F1DC2D /* Repository.swift in Sources */,
				2671F8E22A7CA1FF00171F52 /* LottieViewController.swift in Sources */,
				267391D42A65117600F1DC2D /* WeatherDIContainer.swift in Sources */,
			);
			runOnlyForDeploymentPostprocessing = 0;
		};
		26703D0F2A6160E5007E5717 /* Sources */ = {
			isa = PBXSourcesBuildPhase;
			buildActionMask = 2147483647;
			files = (
				26703D182A6160E5007E5717 /* WeatherAppTests.swift in Sources */,
			);
			runOnlyForDeploymentPostprocessing = 0;
		};
		26703D192A6160E5007E5717 /* Sources */ = {
			isa = PBXSourcesBuildPhase;
			buildActionMask = 2147483647;
			files = (
				26703D222A6160E5007E5717 /* WeatherAppUITests.swift in Sources */,
				26703D242A6160E5007E5717 /* WeatherAppUITestsLaunchTests.swift in Sources */,
			);
			runOnlyForDeploymentPostprocessing = 0;
		};
/* End PBXSourcesBuildPhase section */

/* Begin PBXTargetDependency section */
		26703D152A6160E5007E5717 /* PBXTargetDependency */ = {
			isa = PBXTargetDependency;
			target = 26703CFC2A6160E4007E5717 /* WeatherApp */;
			targetProxy = 26703D142A6160E5007E5717 /* PBXContainerItemProxy */;
		};
		26703D1F2A6160E5007E5717 /* PBXTargetDependency */ = {
			isa = PBXTargetDependency;
			target = 26703CFC2A6160E4007E5717 /* WeatherApp */;
			targetProxy = 26703D1E2A6160E5007E5717 /* PBXContainerItemProxy */;
		};
/* End PBXTargetDependency section */

/* Begin PBXVariantGroup section */
		266C82E82A8DE6C10017AB49 /* Localizable.strings */ = {
			isa = PBXVariantGroup;
			children = (
				266C82E72A8DE6C10017AB49 /* en */,
				266C82E92A8DE6E40017AB49 /* ko */,
			);
			name = Localizable.strings;
			sourceTree = "<group>";
		};
		26703D322A6161DD007E5717 /* LaunchScreen.storyboard */ = {
			isa = PBXVariantGroup;
			children = (
				26703D332A6161DD007E5717 /* Base */,
			);
			name = LaunchScreen.storyboard;
			sourceTree = "<group>";
		};
/* End PBXVariantGroup section */

/* Begin XCBuildConfiguration section */
		26703D252A6160E5007E5717 /* Debug */ = {
			isa = XCBuildConfiguration;
			baseConfigurationReference = 2680B6322A6BD5E1009031AE /* ApiConfig.xcconfig */;
			buildSettings = {
				ALWAYS_SEARCH_USER_PATHS = NO;
				CLANG_ANALYZER_LOCALIZABILITY_NONLOCALIZED = YES;
				CLANG_ANALYZER_NONNULL = YES;
				CLANG_ANALYZER_NUMBER_OBJECT_CONVERSION = YES_AGGRESSIVE;
				CLANG_CXX_LANGUAGE_STANDARD = "gnu++20";
				CLANG_ENABLE_MODULES = YES;
				CLANG_ENABLE_OBJC_ARC = YES;
				CLANG_ENABLE_OBJC_WEAK = YES;
				CLANG_WARN_BLOCK_CAPTURE_AUTORELEASING = YES;
				CLANG_WARN_BOOL_CONVERSION = YES;
				CLANG_WARN_COMMA = YES;
				CLANG_WARN_CONSTANT_CONVERSION = YES;
				CLANG_WARN_DEPRECATED_OBJC_IMPLEMENTATIONS = YES;
				CLANG_WARN_DIRECT_OBJC_ISA_USAGE = YES_ERROR;
				CLANG_WARN_DOCUMENTATION_COMMENTS = YES;
				CLANG_WARN_EMPTY_BODY = YES;
				CLANG_WARN_ENUM_CONVERSION = YES;
				CLANG_WARN_INFINITE_RECURSION = YES;
				CLANG_WARN_INT_CONVERSION = YES;
				CLANG_WARN_NON_LITERAL_NULL_CONVERSION = YES;
				CLANG_WARN_OBJC_IMPLICIT_RETAIN_SELF = YES;
				CLANG_WARN_OBJC_LITERAL_CONVERSION = YES;
				CLANG_WARN_OBJC_ROOT_CLASS = YES_ERROR;
				CLANG_WARN_QUOTED_INCLUDE_IN_FRAMEWORK_HEADER = YES;
				CLANG_WARN_RANGE_LOOP_ANALYSIS = YES;
				CLANG_WARN_STRICT_PROTOTYPES = YES;
				CLANG_WARN_SUSPICIOUS_MOVE = YES;
				CLANG_WARN_UNGUARDED_AVAILABILITY = YES_AGGRESSIVE;
				CLANG_WARN_UNREACHABLE_CODE = YES;
				CLANG_WARN__DUPLICATE_METHOD_MATCH = YES;
				COPY_PHASE_STRIP = NO;
				DEBUG_INFORMATION_FORMAT = dwarf;
				ENABLE_STRICT_OBJC_MSGSEND = YES;
				ENABLE_TESTABILITY = YES;
				GCC_C_LANGUAGE_STANDARD = gnu11;
				GCC_DYNAMIC_NO_PIC = NO;
				GCC_NO_COMMON_BLOCKS = YES;
				GCC_OPTIMIZATION_LEVEL = 0;
				GCC_PREPROCESSOR_DEFINITIONS = (
					"DEBUG=1",
					"$(inherited)",
				);
				GCC_WARN_64_TO_32_BIT_CONVERSION = YES;
				GCC_WARN_ABOUT_RETURN_TYPE = YES_ERROR;
				GCC_WARN_UNDECLARED_SELECTOR = YES;
				GCC_WARN_UNINITIALIZED_AUTOS = YES_AGGRESSIVE;
				GCC_WARN_UNUSED_FUNCTION = YES;
				GCC_WARN_UNUSED_VARIABLE = YES;
				IPHONEOS_DEPLOYMENT_TARGET = 14.0;
				MTL_ENABLE_DEBUG_INFO = INCLUDE_SOURCE;
				MTL_FAST_MATH = YES;
				ONLY_ACTIVE_ARCH = YES;
				SDKROOT = iphoneos;
				SWIFT_ACTIVE_COMPILATION_CONDITIONS = DEBUG;
				SWIFT_OPTIMIZATION_LEVEL = "-Onone";
			};
			name = Debug;
		};
		26703D262A6160E5007E5717 /* Release */ = {
			isa = XCBuildConfiguration;
			baseConfigurationReference = 2680B6322A6BD5E1009031AE /* ApiConfig.xcconfig */;
			buildSettings = {
				ALWAYS_SEARCH_USER_PATHS = NO;
				CLANG_ANALYZER_LOCALIZABILITY_NONLOCALIZED = YES;
				CLANG_ANALYZER_NONNULL = YES;
				CLANG_ANALYZER_NUMBER_OBJECT_CONVERSION = YES_AGGRESSIVE;
				CLANG_CXX_LANGUAGE_STANDARD = "gnu++20";
				CLANG_ENABLE_MODULES = YES;
				CLANG_ENABLE_OBJC_ARC = YES;
				CLANG_ENABLE_OBJC_WEAK = YES;
				CLANG_WARN_BLOCK_CAPTURE_AUTORELEASING = YES;
				CLANG_WARN_BOOL_CONVERSION = YES;
				CLANG_WARN_COMMA = YES;
				CLANG_WARN_CONSTANT_CONVERSION = YES;
				CLANG_WARN_DEPRECATED_OBJC_IMPLEMENTATIONS = YES;
				CLANG_WARN_DIRECT_OBJC_ISA_USAGE = YES_ERROR;
				CLANG_WARN_DOCUMENTATION_COMMENTS = YES;
				CLANG_WARN_EMPTY_BODY = YES;
				CLANG_WARN_ENUM_CONVERSION = YES;
				CLANG_WARN_INFINITE_RECURSION = YES;
				CLANG_WARN_INT_CONVERSION = YES;
				CLANG_WARN_NON_LITERAL_NULL_CONVERSION = YES;
				CLANG_WARN_OBJC_IMPLICIT_RETAIN_SELF = YES;
				CLANG_WARN_OBJC_LITERAL_CONVERSION = YES;
				CLANG_WARN_OBJC_ROOT_CLASS = YES_ERROR;
				CLANG_WARN_QUOTED_INCLUDE_IN_FRAMEWORK_HEADER = YES;
				CLANG_WARN_RANGE_LOOP_ANALYSIS = YES;
				CLANG_WARN_STRICT_PROTOTYPES = YES;
				CLANG_WARN_SUSPICIOUS_MOVE = YES;
				CLANG_WARN_UNGUARDED_AVAILABILITY = YES_AGGRESSIVE;
				CLANG_WARN_UNREACHABLE_CODE = YES;
				CLANG_WARN__DUPLICATE_METHOD_MATCH = YES;
				COPY_PHASE_STRIP = NO;
				DEBUG_INFORMATION_FORMAT = "dwarf-with-dsym";
				ENABLE_NS_ASSERTIONS = NO;
				ENABLE_STRICT_OBJC_MSGSEND = YES;
				GCC_C_LANGUAGE_STANDARD = gnu11;
				GCC_NO_COMMON_BLOCKS = YES;
				GCC_WARN_64_TO_32_BIT_CONVERSION = YES;
				GCC_WARN_ABOUT_RETURN_TYPE = YES_ERROR;
				GCC_WARN_UNDECLARED_SELECTOR = YES;
				GCC_WARN_UNINITIALIZED_AUTOS = YES_AGGRESSIVE;
				GCC_WARN_UNUSED_FUNCTION = YES;
				GCC_WARN_UNUSED_VARIABLE = YES;
				IPHONEOS_DEPLOYMENT_TARGET = 14.0;
				MTL_ENABLE_DEBUG_INFO = NO;
				MTL_FAST_MATH = YES;
				SDKROOT = iphoneos;
				SWIFT_COMPILATION_MODE = wholemodule;
				SWIFT_OPTIMIZATION_LEVEL = "-O";
				VALIDATE_PRODUCT = YES;
			};
			name = Release;
		};
		26703D282A6160E5007E5717 /* Debug */ = {
			isa = XCBuildConfiguration;
			baseConfigurationReference = 2680B6322A6BD5E1009031AE /* ApiConfig.xcconfig */;
			buildSettings = {
				ASSETCATALOG_COMPILER_APPICON_NAME = AppIcon;
				ASSETCATALOG_COMPILER_GLOBAL_ACCENT_COLOR_NAME = AccentColor;
				CODE_SIGN_STYLE = Automatic;
				CURRENT_PROJECT_VERSION = 1;
				DEVELOPMENT_TEAM = 3RZRY2TK85;
				"GCC_PREPROCESSOR_DEFINITIONS[arch=*]" = "FLEXLAYOUT_SWIFT_PACKAGE=1";
				GENERATE_INFOPLIST_FILE = YES;
				INFOPLIST_FILE = WeatherApp/Resources/Info.plist;
				INFOPLIST_KEY_UIApplicationSupportsIndirectInputEvents = YES;
				INFOPLIST_KEY_UILaunchStoryboardName = LaunchScreen;
				INFOPLIST_KEY_UIMainStoryboardFile = "";
				INFOPLIST_KEY_UISupportedInterfaceOrientations_iPad = "UIInterfaceOrientationPortrait UIInterfaceOrientationPortraitUpsideDown UIInterfaceOrientationLandscapeLeft UIInterfaceOrientationLandscapeRight";
				INFOPLIST_KEY_UISupportedInterfaceOrientations_iPhone = "UIInterfaceOrientationPortrait UIInterfaceOrientationLandscapeLeft UIInterfaceOrientationLandscapeRight";
				IPHONEOS_DEPLOYMENT_TARGET = 14.0;
				LD_RUNPATH_SEARCH_PATHS = (
					"$(inherited)",
					"@executable_path/Frameworks",
				);
				MARKETING_VERSION = 1.0;
				PRODUCT_BUNDLE_IDENTIFIER = com.sandy.WeatherApp;
				PRODUCT_NAME = "$(TARGET_NAME)";
				SWIFT_EMIT_LOC_STRINGS = YES;
				SWIFT_VERSION = 5.0;
				TARGETED_DEVICE_FAMILY = "1,2";
			};
			name = Debug;
		};
		26703D292A6160E5007E5717 /* Release */ = {
			isa = XCBuildConfiguration;
			baseConfigurationReference = 2680B6322A6BD5E1009031AE /* ApiConfig.xcconfig */;
			buildSettings = {
				ASSETCATALOG_COMPILER_APPICON_NAME = AppIcon;
				ASSETCATALOG_COMPILER_GLOBAL_ACCENT_COLOR_NAME = AccentColor;
				CODE_SIGN_STYLE = Automatic;
				CURRENT_PROJECT_VERSION = 1;
				DEVELOPMENT_TEAM = 3RZRY2TK85;
				"GCC_PREPROCESSOR_DEFINITIONS[arch=*]" = "FLEXLAYOUT_SWIFT_PACKAGE=1";
				GENERATE_INFOPLIST_FILE = YES;
				INFOPLIST_FILE = WeatherApp/Resources/Info.plist;
				INFOPLIST_KEY_UIApplicationSupportsIndirectInputEvents = YES;
				INFOPLIST_KEY_UILaunchStoryboardName = LaunchScreen;
				INFOPLIST_KEY_UIMainStoryboardFile = "";
				INFOPLIST_KEY_UISupportedInterfaceOrientations_iPad = "UIInterfaceOrientationPortrait UIInterfaceOrientationPortraitUpsideDown UIInterfaceOrientationLandscapeLeft UIInterfaceOrientationLandscapeRight";
				INFOPLIST_KEY_UISupportedInterfaceOrientations_iPhone = "UIInterfaceOrientationPortrait UIInterfaceOrientationLandscapeLeft UIInterfaceOrientationLandscapeRight";
				IPHONEOS_DEPLOYMENT_TARGET = 14.0;
				LD_RUNPATH_SEARCH_PATHS = (
					"$(inherited)",
					"@executable_path/Frameworks",
				);
				MARKETING_VERSION = 1.0;
				PRODUCT_BUNDLE_IDENTIFIER = com.sandy.WeatherApp;
				PRODUCT_NAME = "$(TARGET_NAME)";
				SWIFT_EMIT_LOC_STRINGS = YES;
				SWIFT_VERSION = 5.0;
				TARGETED_DEVICE_FAMILY = "1,2";
			};
			name = Release;
		};
		26703D2B2A6160E5007E5717 /* Debug */ = {
			isa = XCBuildConfiguration;
			baseConfigurationReference = 2680B6322A6BD5E1009031AE /* ApiConfig.xcconfig */;
			buildSettings = {
				ALWAYS_EMBED_SWIFT_STANDARD_LIBRARIES = YES;
				BUNDLE_LOADER = "$(TEST_HOST)";
				CODE_SIGN_STYLE = Automatic;
				CURRENT_PROJECT_VERSION = 1;
				DEVELOPMENT_TEAM = 3RZRY2TK85;
				GENERATE_INFOPLIST_FILE = YES;
				IPHONEOS_DEPLOYMENT_TARGET = 16.4;
				MARKETING_VERSION = 1.0;
				PRODUCT_BUNDLE_IDENTIFIER = com.sandy.WeatherAppTests;
				PRODUCT_NAME = "$(TARGET_NAME)";
				SWIFT_EMIT_LOC_STRINGS = NO;
				SWIFT_VERSION = 5.0;
				TARGETED_DEVICE_FAMILY = "1,2";
				TEST_HOST = "$(BUILT_PRODUCTS_DIR)/WeatherApp.app/$(BUNDLE_EXECUTABLE_FOLDER_PATH)/WeatherApp";
			};
			name = Debug;
		};
		26703D2C2A6160E5007E5717 /* Release */ = {
			isa = XCBuildConfiguration;
			baseConfigurationReference = 2680B6322A6BD5E1009031AE /* ApiConfig.xcconfig */;
			buildSettings = {
				ALWAYS_EMBED_SWIFT_STANDARD_LIBRARIES = YES;
				BUNDLE_LOADER = "$(TEST_HOST)";
				CODE_SIGN_STYLE = Automatic;
				CURRENT_PROJECT_VERSION = 1;
				DEVELOPMENT_TEAM = 3RZRY2TK85;
				GENERATE_INFOPLIST_FILE = YES;
				IPHONEOS_DEPLOYMENT_TARGET = 16.4;
				MARKETING_VERSION = 1.0;
				PRODUCT_BUNDLE_IDENTIFIER = com.sandy.WeatherAppTests;
				PRODUCT_NAME = "$(TARGET_NAME)";
				SWIFT_EMIT_LOC_STRINGS = NO;
				SWIFT_VERSION = 5.0;
				TARGETED_DEVICE_FAMILY = "1,2";
				TEST_HOST = "$(BUILT_PRODUCTS_DIR)/WeatherApp.app/$(BUNDLE_EXECUTABLE_FOLDER_PATH)/WeatherApp";
			};
			name = Release;
		};
		26703D2E2A6160E5007E5717 /* Debug */ = {
			isa = XCBuildConfiguration;
			baseConfigurationReference = 2680B6322A6BD5E1009031AE /* ApiConfig.xcconfig */;
			buildSettings = {
				ALWAYS_EMBED_SWIFT_STANDARD_LIBRARIES = YES;
				CODE_SIGN_STYLE = Automatic;
				CURRENT_PROJECT_VERSION = 1;
				DEVELOPMENT_TEAM = 3RZRY2TK85;
				GENERATE_INFOPLIST_FILE = YES;
				MARKETING_VERSION = 1.0;
				PRODUCT_BUNDLE_IDENTIFIER = com.sandy.WeatherAppUITests;
				PRODUCT_NAME = "$(TARGET_NAME)";
				SWIFT_EMIT_LOC_STRINGS = NO;
				SWIFT_VERSION = 5.0;
				TARGETED_DEVICE_FAMILY = "1,2";
				TEST_TARGET_NAME = WeatherApp;
			};
			name = Debug;
		};
		26703D2F2A6160E5007E5717 /* Release */ = {
			isa = XCBuildConfiguration;
			baseConfigurationReference = 2680B6322A6BD5E1009031AE /* ApiConfig.xcconfig */;
			buildSettings = {
				ALWAYS_EMBED_SWIFT_STANDARD_LIBRARIES = YES;
				CODE_SIGN_STYLE = Automatic;
				CURRENT_PROJECT_VERSION = 1;
				DEVELOPMENT_TEAM = 3RZRY2TK85;
				GENERATE_INFOPLIST_FILE = YES;
				MARKETING_VERSION = 1.0;
				PRODUCT_BUNDLE_IDENTIFIER = com.sandy.WeatherAppUITests;
				PRODUCT_NAME = "$(TARGET_NAME)";
				SWIFT_EMIT_LOC_STRINGS = NO;
				SWIFT_VERSION = 5.0;
				TARGETED_DEVICE_FAMILY = "1,2";
				TEST_TARGET_NAME = WeatherApp;
			};
			name = Release;
		};
/* End XCBuildConfiguration section */

/* Begin XCConfigurationList section */
		26703CF82A6160E4007E5717 /* Build configuration list for PBXProject "WeatherApp" */ = {
			isa = XCConfigurationList;
			buildConfigurations = (
				26703D252A6160E5007E5717 /* Debug */,
				26703D262A6160E5007E5717 /* Release */,
			);
			defaultConfigurationIsVisible = 0;
			defaultConfigurationName = Release;
		};
		26703D272A6160E5007E5717 /* Build configuration list for PBXNativeTarget "WeatherApp" */ = {
			isa = XCConfigurationList;
			buildConfigurations = (
				26703D282A6160E5007E5717 /* Debug */,
				26703D292A6160E5007E5717 /* Release */,
			);
			defaultConfigurationIsVisible = 0;
			defaultConfigurationName = Release;
		};
		26703D2A2A6160E5007E5717 /* Build configuration list for PBXNativeTarget "WeatherAppTests" */ = {
			isa = XCConfigurationList;
			buildConfigurations = (
				26703D2B2A6160E5007E5717 /* Debug */,
				26703D2C2A6160E5007E5717 /* Release */,
			);
			defaultConfigurationIsVisible = 0;
			defaultConfigurationName = Release;
		};
		26703D2D2A6160E5007E5717 /* Build configuration list for PBXNativeTarget "WeatherAppUITests" */ = {
			isa = XCConfigurationList;
			buildConfigurations = (
				26703D2E2A6160E5007E5717 /* Debug */,
				26703D2F2A6160E5007E5717 /* Release */,
			);
			defaultConfigurationIsVisible = 0;
			defaultConfigurationName = Release;
		};
/* End XCConfigurationList section */

/* Begin XCRemoteSwiftPackageReference section */
		261677C52A84C0A20038DE5D /* XCRemoteSwiftPackageReference "PinLayout" */ = {
			isa = XCRemoteSwiftPackageReference;
			repositoryURL = "https://github.com/layoutBox/PinLayout.git";
			requirement = {
				kind = upToNextMajorVersion;
				minimumVersion = 1.0.0;
			};
		};
		261677D52A84C4D00038DE5D /* XCRemoteSwiftPackageReference "FlexLayout" */ = {
			isa = XCRemoteSwiftPackageReference;
			repositoryURL = "https://github.com/layoutBox/FlexLayout.git";
			requirement = {
				kind = upToNextMajorVersion;
				minimumVersion = 1.0.0;
			};
		};
		265C2DBA2A71ED9200028A01 /* XCRemoteSwiftPackageReference "SnapKit" */ = {
			isa = XCRemoteSwiftPackageReference;
			repositoryURL = "https://github.com/SnapKit/SnapKit.git";
			requirement = {
				kind = upToNextMajorVersion;
				minimumVersion = 5.0.0;
			};
		};
		2671F8DC2A7CA12300171F52 /* XCRemoteSwiftPackageReference "lottie-ios" */ = {
			isa = XCRemoteSwiftPackageReference;
			repositoryURL = "https://github.com/airbnb/lottie-ios.git";
			requirement = {
				kind = upToNextMajorVersion;
				minimumVersion = 4.0.0;
			};
		};
		267391C42A65094900F1DC2D /* XCRemoteSwiftPackageReference "realm-swift" */ = {
			isa = XCRemoteSwiftPackageReference;
			repositoryURL = "https://github.com/realm/realm-swift.git";
			requirement = {
				branch = master;
				kind = branch;
			};
		};
		2680B6282A6BCC8A009031AE /* XCRemoteSwiftPackageReference "Alamofire" */ = {
			isa = XCRemoteSwiftPackageReference;
			repositoryURL = "https://github.com/Alamofire/Alamofire.git";
			requirement = {
				kind = upToNextMajorVersion;
				minimumVersion = 5.0.0;
			};
		};
/* End XCRemoteSwiftPackageReference section */

/* Begin XCSwiftPackageProductDependency section */
		261677C62A84C0A20038DE5D /* PinLayout */ = {
			isa = XCSwiftPackageProductDependency;
			package = 261677C52A84C0A20038DE5D /* XCRemoteSwiftPackageReference "PinLayout" */;
			productName = PinLayout;
		};
		261677D62A84C4D00038DE5D /* FlexLayout */ = {
			isa = XCSwiftPackageProductDependency;
			package = 261677D52A84C4D00038DE5D /* XCRemoteSwiftPackageReference "FlexLayout" */;
			productName = FlexLayout;
		};
		261677D82A84C4D00038DE5D /* FlexLayoutYoga */ = {
			isa = XCSwiftPackageProductDependency;
			package = 261677D52A84C4D00038DE5D /* XCRemoteSwiftPackageReference "FlexLayout" */;
			productName = FlexLayoutYoga;
		};
		261677DA2A84C4D00038DE5D /* FlexLayoutYogaKit */ = {
			isa = XCSwiftPackageProductDependency;
			package = 261677D52A84C4D00038DE5D /* XCRemoteSwiftPackageReference "FlexLayout" */;
			productName = FlexLayoutYogaKit;
		};
		265C2DBB2A71ED9300028A01 /* SnapKit */ = {
			isa = XCSwiftPackageProductDependency;
			package = 265C2DBA2A71ED9200028A01 /* XCRemoteSwiftPackageReference "SnapKit" */;
			productName = SnapKit;
		};
		2671F8DD2A7CA12400171F52 /* Lottie */ = {
			isa = XCSwiftPackageProductDependency;
			package = 2671F8DC2A7CA12300171F52 /* XCRemoteSwiftPackageReference "lottie-ios" */;
			productName = Lottie;
		};
		267391C52A65094900F1DC2D /* Realm */ = {
			isa = XCSwiftPackageProductDependency;
			package = 267391C42A65094900F1DC2D /* XCRemoteSwiftPackageReference "realm-swift" */;
			productName = Realm;
		};
		267391C72A65094900F1DC2D /* RealmSwift */ = {
			isa = XCSwiftPackageProductDependency;
			package = 267391C42A65094900F1DC2D /* XCRemoteSwiftPackageReference "realm-swift" */;
			productName = RealmSwift;
		};
		2680B6292A6BCC8A009031AE /* Alamofire */ = {
			isa = XCSwiftPackageProductDependency;
			package = 2680B6282A6BCC8A009031AE /* XCRemoteSwiftPackageReference "Alamofire" */;
			productName = Alamofire;
		};
/* End XCSwiftPackageProductDependency section */
	};
	rootObject = 26703CF52A6160E4007E5717 /* Project object */;
}
